// !$*UTF8*$!
{
	archiveVersion = 1;
	classes = {
	};
	objectVersion = 77;
	objects = {

/* Begin PBXBuildFile section */
		016ACDECE2BC05DB5A380F65 /* CustomAction.swift in Sources */ = {isa = PBXBuildFile; fileRef = A8DAACCC7C82CE7BB96D5F0D /* CustomAction.swift */; };
		02AF81963047538ADE0363F5 /* RuleEngine.swift in Sources */ = {isa = PBXBuildFile; fileRef = 57E8EC4414979D75CE50BA12 /* RuleEngine.swift */; };
		0532F7FF8BA7A439A30D8EA9 /* ActionRegistryTests.swift in Sources */ = {isa = PBXBuildFile; fileRef = 1E86D685379782075566534F /* ActionRegistryTests.swift */; };
		05A18C707EEB8A5776CC438E /* AIServiceManager.swift in Sources */ = {isa = PBXBuildFile; fileRef = 90B84517D03AB3D9A5BB0D1D /* AIServiceManager.swift */; };
		09A58930CFE1B6C771AAF8D4 /* MacSelectionMonitor.swift in Sources */ = {isa = PBXBuildFile; fileRef = 6129D3E6F351430FA57265B6 /* MacSelectionMonitor.swift */; };
		0ABD4746A74B3657C3550DCE /* PopupView.swift in Sources */ = {isa = PBXBuildFile; fileRef = F42C959E23FBB018FD815BBD /* PopupView.swift */; };
		0AC19FB1B891B14A5D9D2ABD /* AppIdentifying+NSRunningApplication.swift in Sources */ = {isa = PBXBuildFile; fileRef = BCD2E8E311CD870FA0E955A9 /* AppIdentifying+NSRunningApplication.swift */; };
		116E1189C24B6BA4A4BEF8B0 /* BrowserRedirectProvider.swift in Sources */ = {isa = PBXBuildFile; fileRef = 65E687A10246C0EFE5F744DA /* BrowserRedirectProvider.swift */; };
		1302C89033CA876F66631A4B /* ExtensionsStoreView.swift in Sources */ = {isa = PBXBuildFile; fileRef = 171CC0405F553E737A32C250 /* ExtensionsStoreView.swift */; };
		172EA9C4710FA618D5679485 /* AIResultOverlayView.swift in Sources */ = {isa = PBXBuildFile; fileRef = 9FA55E97E43DEF1F7C6D2146 /* AIResultOverlayView.swift */; };
		1A92B6897F7D9221305370A4 /* Core.framework in Frameworks */ = {isa = PBXBuildFile; fileRef = 38D9A91D8E78B77B35D10754 /* Core.framework */; };
		1C03F28FAA913021C9CA39D2 /* LaunchAtLoginManagerTests.swift in Sources */ = {isa = PBXBuildFile; fileRef = B603C28D161A795066B85A89 /* LaunchAtLoginManagerTests.swift */; };
		1CDF0D30E4B08B90733C53D8 /* ActionRegistry.swift in Sources */ = {isa = PBXBuildFile; fileRef = 1AF0F3CA2EF364269DB523FD /* ActionRegistry.swift */; };
		1D0D54B9C418294BBBFE4941 /* EditActionSheet.swift in Sources */ = {isa = PBXBuildFile; fileRef = 3CA1668ABEA1DDA04C75B2BC /* EditActionSheet.swift */; };
		1DAA6E1F5849B540F57EDF56 /* PopupPositionerTests.swift in Sources */ = {isa = PBXBuildFile; fileRef = 5BFF66BC8C0CB6DBE2EEC671 /* PopupPositionerTests.swift */; };
		1FA8CFA55755A2903AE4D934 /* TextPlaceholderEngine.swift in Sources */ = {isa = PBXBuildFile; fileRef = AE8874EAC1123657CDB78D06 /* TextPlaceholderEngine.swift */; };
		2116EFB8D2B6EBA137F5193B /* AppleScriptAction.swift in Sources */ = {isa = PBXBuildFile; fileRef = 5471C526A3CC3251CAC63D74 /* AppleScriptAction.swift */; };
		2140964D90DA799B312DED49 /* GoldenExtensionPlatformTests.swift in Sources */ = {isa = PBXBuildFile; fileRef = C0A5C800BE48C74A05B33DDA /* GoldenExtensionPlatformTests.swift */; };
		24ABC449CE3810541D898C48 /* PermissionManager.swift in Sources */ = {isa = PBXBuildFile; fileRef = 4BB115DCDCB4749A1DDB8222 /* PermissionManager.swift */; };
		28866ECB981E609DE49A0446 /* InstalledAppsScannerTests.swift in Sources */ = {isa = PBXBuildFile; fileRef = 74377A23CADC86774742A0BD /* InstalledAppsScannerTests.swift */; };
		2D5A6C0BC066105BCD180A11 /* Sparkle in Frameworks */ = {isa = PBXBuildFile; productRef = 5424DA244495CA3CE48F83B1 /* Sparkle */; };
		2E0CE79B92BCBAD1F615A98E /* RemoteExtensionInstallerTests.swift in Sources */ = {isa = PBXBuildFile; fileRef = 4E0824A74806623A75D29570 /* RemoteExtensionInstallerTests.swift */; };
		3165370D30624071D8F6E1A4 /* CompletionAction.swift in Sources */ = {isa = PBXBuildFile; fileRef = 82321CCDFB4EDE96ABB905F7 /* CompletionAction.swift */; };
		330E6AC76C1203C9E55305DA /* WordCompletionProviding.swift in Sources */ = {isa = PBXBuildFile; fileRef = FB8E693598E421C204E409DD /* WordCompletionProviding.swift */; };
		3632D42098C565F062A379E2 /* PopupPanel.swift in Sources */ = {isa = PBXBuildFile; fileRef = 087F3A6593D8726BD84CF1F1 /* PopupPanel.swift */; };
		37606174465EF5FF5CE918E3 /* Core.framework in Embed Frameworks */ = {isa = PBXBuildFile; fileRef = 38D9A91D8E78B77B35D10754 /* Core.framework */; settings = {ATTRIBUTES = (CodeSignOnCopy, RemoveHeadersOnCopy, ); }; };
		381B3E25D7CE700224F1E649 /* SettingsStore.swift in Sources */ = {isa = PBXBuildFile; fileRef = 2C2E0CE18FC287126307E67B /* SettingsStore.swift */; };
		386E98180E02243B9DE6B5CA /* ScriptAction.swift in Sources */ = {isa = PBXBuildFile; fileRef = 2F9C20B7C7D633121BA39CDA /* ScriptAction.swift */; };
		3A295F64CCDCBD5C36941B49 /* ActionCustomizationTests.swift in Sources */ = {isa = PBXBuildFile; fileRef = 91FEA7E1D95D4DC5416B66A5 /* ActionCustomizationTests.swift */; };
		3B367A7B4C49C2F54DB9FAD4 /* ScriptActionExecutionTests.swift in Sources */ = {isa = PBXBuildFile; fileRef = BA4CE0EEDB520B882DB1A0CD /* ScriptActionExecutionTests.swift */; };
		3CFA6606D2D7ADE239AC70D8 /* OnboardingView.swift in Sources */ = {isa = PBXBuildFile; fileRef = EEF62694D77470DE4E2262E6 /* OnboardingView.swift */; };
		3D24BB72EB42ACBAB7B26FC9 /* CopyAction.swift in Sources */ = {isa = PBXBuildFile; fileRef = C0B0960E3A7EF80331F08063 /* CopyAction.swift */; };
		4515E812499967C26560169C /* ActionFactory.swift in Sources */ = {isa = PBXBuildFile; fileRef = 40BC7280676281FD11450DF2 /* ActionFactory.swift */; };
		470BB95C626E3041E74CA19D /* RevealInFinderActionTests.swift in Sources */ = {isa = PBXBuildFile; fileRef = 92591CBEAFDE51E7D4630274 /* RevealInFinderActionTests.swift */; };
		4737578EA3290C078B92A318 /* ScriptActionTests.swift in Sources */ = {isa = PBXBuildFile; fileRef = EFA90E8C3C3CA2051D777A8E /* ScriptActionTests.swift */; };
		482FF0F2EAC56B62831A0106 /* AddCustomActionSheet.swift in Sources */ = {isa = PBXBuildFile; fileRef = F092B5E7205F765F5BBB69A4 /* AddCustomActionSheet.swift */; };
		49C06EBA5B3FD035E51BA83A /* PasteAction.swift in Sources */ = {isa = PBXBuildFile; fileRef = 301F027F5438EEDF87A6645B /* PasteAction.swift */; };
		4AB80D47D3E30B72061B9910 /* CutAction.swift in Sources */ = {isa = PBXBuildFile; fileRef = 56934780251D06C70C9D3172 /* CutAction.swift */; };
		4C5773E0C53E2A28F2664CD5 /* StatusBarController.swift in Sources */ = {isa = PBXBuildFile; fileRef = 0F3B8C9AB19BEC2ACF890FEB /* StatusBarController.swift */; };
		4F04EDDEE2B8E5135E1E9B5B /* ExtensionOption.swift in Sources */ = {isa = PBXBuildFile; fileRef = B7534A2D6FD5368B237CB5C5 /* ExtensionOption.swift */; };
		505BCF709F1851C81A35DD64 /* ActionCoordinatorTests.swift in Sources */ = {isa = PBXBuildFile; fileRef = 7BBCBD7E4F5F0D1015061E8D /* ActionCoordinatorTests.swift */; };
		525E21DA64B3EB439A493E1C /* Defaults in Frameworks */ = {isa = PBXBuildFile; productRef = 03869142675321ABACC573BA /* Defaults */; };
		57A9F680F5AF294AAB1B57B9 /* ActionCoordinatorStartupTests.swift in Sources */ = {isa = PBXBuildFile; fileRef = 15F2DA7AE2DE334E1A769A2E /* ActionCoordinatorStartupTests.swift */; };
		589E69527B1AD912FFEF303B /* CalculateAction.swift in Sources */ = {isa = PBXBuildFile; fileRef = 905AC1128EFCA584DF52AD70 /* CalculateAction.swift */; };
		58BE8C7D2BB07D46627FA771 /* AITab.swift in Sources */ = {isa = PBXBuildFile; fileRef = 309A0ED1613CEB1CF46AFBF8 /* AITab.swift */; };
		5B3D22D12FA0D7261EA4F942 /* TransformTextAction.swift in Sources */ = {isa = PBXBuildFile; fileRef = B9FC029F7281D9A7C1F5C0BD /* TransformTextAction.swift */; };
		5DA0AEF4E0DB181460C32C7E /* Core.swift in Sources */ = {isa = PBXBuildFile; fileRef = 4C75D3BF228023DEA93C5D3D /* Core.swift */; };
		611F612CDB50CBDCE4916F4E /* RuleEngineTests.swift in Sources */ = {isa = PBXBuildFile; fileRef = 06C43223F2E4E777CC9F7673 /* RuleEngineTests.swift */; };
		62694BC577DF6210819143D5 /* URLTemplateAction.swift in Sources */ = {isa = PBXBuildFile; fileRef = F2CB1948C425181EE3DCFAAA /* URLTemplateAction.swift */; };
		6715AE5F11FE111A1668090C /* CompletionActionTests.swift in Sources */ = {isa = PBXBuildFile; fileRef = 0CF97DDF5B196383416AB162 /* CompletionActionTests.swift */; };
		674832EDE560880B1B283FC7 /* ActionConfigSheet.swift in Sources */ = {isa = PBXBuildFile; fileRef = 962ABA3EFF448F3AB8D26A91 /* ActionConfigSheet.swift */; };
		6A92D05EC5B07D80B3C833C3 /* ActionIconView.swift in Sources */ = {isa = PBXBuildFile; fileRef = 5403DA3AA5ED80810759AB76 /* ActionIconView.swift */; };
		6B6EB24072E6FDB50051E1F5 /* OpenClipSnippetParser+DefaultFactory.swift in Sources */ = {isa = PBXBuildFile; fileRef = 2880EA47FA384B00CFAD2877 /* OpenClipSnippetParser+DefaultFactory.swift */; };
		6BDAAEBA357BE286266250A6 /* ExtensionManager.swift in Sources */ = {isa = PBXBuildFile; fileRef = 336067B05C52B87CD8C9DA9F /* ExtensionManager.swift */; };
		6EC03FC169D6016DF45D4632 /* DefineAction.swift in Sources */ = {isa = PBXBuildFile; fileRef = CB70EAE4A67E1C59A1977A8D /* DefineAction.swift */; };
		714F641630B8C17979890D5C /* ExtensionsAPIClient.swift in Sources */ = {isa = PBXBuildFile; fileRef = 208E1DDA96B874A04C415CE2 /* ExtensionsAPIClient.swift */; };
		7211AB882E1751CCA97477A1 /* TransformTextActionTests.swift in Sources */ = {isa = PBXBuildFile; fileRef = 7E394DE9DE12EEEB992A5771 /* TransformTextActionTests.swift */; };
		7265AF347B73B7E61A597E30 /* AppRulesTab.swift in Sources */ = {isa = PBXBuildFile; fileRef = F83E744E54478C7A60BEE112 /* AppRulesTab.swift */; };
		764A674CF2C3A6DECA9CE0CF /* BuiltinRegistryTests.swift in Sources */ = {isa = PBXBuildFile; fileRef = 3E47D4C3D096CE979274DCDA /* BuiltinRegistryTests.swift */; };
		76E559C066D1B00D899DB613 /* TextRetrieving.swift in Sources */ = {isa = PBXBuildFile; fileRef = A4569F410A617490B0538051 /* TextRetrieving.swift */; };
		78C232BA793CCE5C409BA389 /* ActionContext.swift in Sources */ = {isa = PBXBuildFile; fileRef = 940F1D0FB3BA50C10CCEBCDF /* ActionContext.swift */; };
		7AC316FB783A7E96C716DE2F /* RemoteExtensionInstaller.swift in Sources */ = {isa = PBXBuildFile; fileRef = CEE41531ACE74639DE1C5CB4 /* RemoteExtensionInstaller.swift */; };
		7CDDEAAD6790A7471D61A940 /* SearchAction.swift in Sources */ = {isa = PBXBuildFile; fileRef = C5FC00AC73CC488DBF7F7240 /* SearchAction.swift */; };
		7E44D09AC94810898D6E5D1D /* PopupWindowController.swift in Sources */ = {isa = PBXBuildFile; fileRef = BB70FC227E05CD8269458C89 /* PopupWindowController.swift */; };
		7E73A19CA1EFE95B45FBFCB8 /* ActionPresentation.swift in Sources */ = {isa = PBXBuildFile; fileRef = 69B38B060F52BA3AAA63B8C8 /* ActionPresentation.swift */; };
		7EDDECF89D21D258E5A00C01 /* AppleIntelligenceProvider.swift in Sources */ = {isa = PBXBuildFile; fileRef = 38E0B09A0FCBBCF4C67A0FFF /* AppleIntelligenceProvider.swift */; };
		84A19D69965D8FE1825442E5 /* MacTextRetriever.swift in Sources */ = {isa = PBXBuildFile; fileRef = 1B1ED5E66BD010DECBA31B69 /* MacTextRetriever.swift */; };
		84EF2405B8FF3B97D76C6F43 /* AppDelegate.swift in Sources */ = {isa = PBXBuildFile; fileRef = 287DF09DC26BE3ACE16F3B53 /* AppDelegate.swift */; };
		850F4271977FEE58D8FA55ED /* PopupPositioner.swift in Sources */ = {isa = PBXBuildFile; fileRef = B8D913A22565F43A04740AEB /* PopupPositioner.swift */; };
		852D201010BC7079F239A3E2 /* CloudAPIProvider.swift in Sources */ = {isa = PBXBuildFile; fileRef = 0235D3D283F8890DEEE2A915 /* CloudAPIProvider.swift */; };
		8992215E8F8C5B8794B333EC /* SDWebImageSwiftUI in Frameworks */ = {isa = PBXBuildFile; productRef = A589B0B4E6EC4ACB11944E7D /* SDWebImageSwiftUI */; };
		89ABDC81AD62266F49E096C4 /* Action.swift in Sources */ = {isa = PBXBuildFile; fileRef = 14E8C5B2AC7501048B10F0D1 /* Action.swift */; };
		8A479517E13803DE07593C74 /* ServicesAction.swift in Sources */ = {isa = PBXBuildFile; fileRef = 738CD300B1AEB0E382F8435B /* ServicesAction.swift */; };
		8A76237BE8A09680AB8B3350 /* ExtensionsModels.swift in Sources */ = {isa = PBXBuildFile; fileRef = B704F280421B7F41B35BB7C9 /* ExtensionsModels.swift */; };
		8AA40165FA1BF2E026ED4C1A /* AIProviderTests.swift in Sources */ = {isa = PBXBuildFile; fileRef = 7FF20DB76BDB47222A26CBAC /* AIProviderTests.swift */; };
		8D26F2D7A7F2388B28EF7E03 /* DeepLinkHandlerTests.swift in Sources */ = {isa = PBXBuildFile; fileRef = FFE7151632E620F610F28030 /* DeepLinkHandlerTests.swift */; };
		8D96F0F84D1CFC88E268B2AA /* ActionAppearanceFields.swift in Sources */ = {isa = PBXBuildFile; fileRef = 4284E18DE06D8BB8FF933E15 /* ActionAppearanceFields.swift */; };
		8DFC838BDE16FA27F0C19FBB /* AppIdentifying.swift in Sources */ = {isa = PBXBuildFile; fileRef = 556EAA8E99BA35061EE49D9F /* AppIdentifying.swift */; };
		906E3948E1B975EE9BDA5AF3 /* JavaScriptAction.swift in Sources */ = {isa = PBXBuildFile; fileRef = 58D8C54121CAFC913E8B4110 /* JavaScriptAction.swift */; };
		931C4F5EE750BAEDE698CEA9 /* ExtensionsAPITests.swift in Sources */ = {isa = PBXBuildFile; fileRef = 4AF4CBDEB80089C9FBCE3836 /* ExtensionsAPITests.swift */; };
		9495A826AD2E0BB4ED448280 /* TextRetrieverTests.swift in Sources */ = {isa = PBXBuildFile; fileRef = 49648502F040834635BBD8ED /* TextRetrieverTests.swift */; };
		94B3C1F1B49D3696A9059021 /* UnifiedIconProvider.swift in Sources */ = {isa = PBXBuildFile; fileRef = CD6C339B374DBE3884DA21E9 /* UnifiedIconProvider.swift */; };
		94F6165DD10ED76B25170C1C /* AppFilterTests.swift in Sources */ = {isa = PBXBuildFile; fileRef = AF5D851B09CA25A4A497F0C7 /* AppFilterTests.swift */; };
		9582FE0FF3EC9B0A9756B790 /* DefaultActionFactory.swift in Sources */ = {isa = PBXBuildFile; fileRef = E74EC58C6E636CC1388565D9 /* DefaultActionFactory.swift */; };
		95F5993F59A6F0FED10CD268 /* AppPickerSheet.swift in Sources */ = {isa = PBXBuildFile; fileRef = D30E9B1A09FFEE44BC1A5793 /* AppPickerSheet.swift */; };
		998433DC4517993AD4624ECF /* ActionCoordinator.swift in Sources */ = {isa = PBXBuildFile; fileRef = 00D644F2046169A3D911104F /* ActionCoordinator.swift */; };
		998C035B69CC6C290A1403CE /* CalendarAction.swift in Sources */ = {isa = PBXBuildFile; fileRef = 0D770B00EA584CD6DC259086 /* CalendarAction.swift */; };
		9A5AB557F078A06A470B696F /* OpenClipSnippetParser.swift in Sources */ = {isa = PBXBuildFile; fileRef = 0433AD358F1B636910C66094 /* OpenClipSnippetParser.swift */; };
		9A7F163119972B733595F05C /* TextPlaceholderEngineTests.swift in Sources */ = {isa = PBXBuildFile; fileRef = 95F4335DD4C3C026D8A6AEBA /* TextPlaceholderEngineTests.swift */; };
		9B2C92B98C80BB5FCC596CC3 /* ExtensionsStoreIntegrationTests.swift in Sources */ = {isa = PBXBuildFile; fileRef = 2EA880751E87F795D5A87C8F /* ExtensionsStoreIntegrationTests.swift */; };
		A4AA5D75C5B376BBCE5B9463 /* CustomActionManager.swift in Sources */ = {isa = PBXBuildFile; fileRef = DCA945F176CA85C590C8CCF4 /* CustomActionManager.swift */; };
		A4B07F7C0AA32D61F32510D5 /* DynamicActionConfigView.swift in Sources */ = {isa = PBXBuildFile; fileRef = 3675FDD7BC06CF3B3CBDA003 /* DynamicActionConfigView.swift */; };
		AA4C8F95DCFD439591C9FA05 /* Constants.swift in Sources */ = {isa = PBXBuildFile; fileRef = 17E803385A2D8E9D1D257F00 /* Constants.swift */; };
		AE8C8312A2C5B67FCF938E4E /* SettingKey.swift in Sources */ = {isa = PBXBuildFile; fileRef = 1830B25888AE1D0532D00813 /* SettingKey.swift */; };
		AEB67702CE089BAFFFB8DCB7 /* ActionResult.swift in Sources */ = {isa = PBXBuildFile; fileRef = E54AEEA54ADE3106E777F448 /* ActionResult.swift */; };
		B35A409707F64398CD9E9805 /* CustomActionManagerTests.swift in Sources */ = {isa = PBXBuildFile; fileRef = FFB1D78D56093DFD6C687ED4 /* CustomActionManagerTests.swift */; };
		B3E4DEAEC23EBE3A801E2964 /* CalculateActionTests.swift in Sources */ = {isa = PBXBuildFile; fileRef = D719D2B6B3F32C056AED329D /* CalculateActionTests.swift */; };
		B4F498590B58B62BA693B72C /* ExtensionManagerTests.swift in Sources */ = {isa = PBXBuildFile; fileRef = D33B3004A90DD3BE1E64DD30 /* ExtensionManagerTests.swift */; };
		B776223E716B18F4F53A4D3F /* AppRule.swift in Sources */ = {isa = PBXBuildFile; fileRef = E21F7917E14860EA903D0552 /* AppRule.swift */; };
		BAAC7407A886FC8D771D2ED6 /* SettingsStoreTests.swift in Sources */ = {isa = PBXBuildFile; fileRef = 47E51843D196C894F4B98910 /* SettingsStoreTests.swift */; };
		BE8920F343B5FC0801C79310 /* HotkeyManager.swift in Sources */ = {isa = PBXBuildFile; fileRef = 4D47BAB3F6C14A0AB8D0B870 /* HotkeyManager.swift */; };
		C02DCB05C24F9A9EFA004B12 /* SelectionMonitoring.swift in Sources */ = {isa = PBXBuildFile; fileRef = DECAB4B5213F632283318CD6 /* SelectionMonitoring.swift */; };
		C1E4029C7E5627815F845383 /* ContextualFilteringTests.swift in Sources */ = {isa = PBXBuildFile; fileRef = 9ACC606EEF879A9BCA003756 /* ContextualFilteringTests.swift */; };
		C25FB276103A8CB85C7D2AE7 /* AIProvider.swift in Sources */ = {isa = PBXBuildFile; fileRef = 5462DE3FBF349954799E6C00 /* AIProvider.swift */; };
		C54EA6972708DC6B6083AF66 /* KeyboardShortcuts in Frameworks */ = {isa = PBXBuildFile; productRef = 69201994E9CE6C7F2CDED2F0 /* KeyboardShortcuts */; };
		C85F042BF73B07FCBDEC234A /* BuiltinActionsTests.swift in Sources */ = {isa = PBXBuildFile; fileRef = A4F2434073F85AB2FC61E746 /* BuiltinActionsTests.swift */; };
		CB0F2118E3D0E7195D500A5D /* OpenClipSnippetParserTests.swift in Sources */ = {isa = PBXBuildFile; fileRef = 3359F30EB7FC15DFC02A4D9B /* OpenClipSnippetParserTests.swift */; };
		CB381D0BCDED7C127E52985B /* SelectionCoordinatorTests.swift in Sources */ = {isa = PBXBuildFile; fileRef = AE88AFD0FAB1C8989D5CE6C6 /* SelectionCoordinatorTests.swift */; };
		CE759FD419A671CB23C175B8 /* DefaultActionFactoryTests.swift in Sources */ = {isa = PBXBuildFile; fileRef = 301144A424F615703BABA2D0 /* DefaultActionFactoryTests.swift */; };
		DCC694DC2D481C35063D62B4 /* IconPickerView.swift in Sources */ = {isa = PBXBuildFile; fileRef = 0AC7C388035A937859369C48 /* IconPickerView.swift */; };
		DCDA969A1F312EEBF01E5F96 /* ActionPresentationTests.swift in Sources */ = {isa = PBXBuildFile; fileRef = 5B5D0BA6BE281AC2E0ED64FA /* ActionPresentationTests.swift */; };
		DEEE0BCFD9DB9C3754D01774 /* ModifierFlags.swift in Sources */ = {isa = PBXBuildFile; fileRef = 0F4DAB73B13C780B669746CE /* ModifierFlags.swift */; };
		DF8D4D6ADC91E929BB3F3920 /* LaunchAtLoginManager.swift in Sources */ = {isa = PBXBuildFile; fileRef = 43600D5250056CDB41C7FDF4 /* LaunchAtLoginManager.swift */; };
		E08C252C9ADA79A930825C1E /* OpenClipApp.swift in Sources */ = {isa = PBXBuildFile; fileRef = 871B6048B7968E61FCB53537 /* OpenClipApp.swift */; };
		E27BC38183CE54F6073EC02F /* AppFilter.swift in Sources */ = {isa = PBXBuildFile; fileRef = 750ADA88A976EEF10B2481E2 /* AppFilter.swift */; };
		E349DDD966C6A17A8B49DAAA /* OpenURLAction.swift in Sources */ = {isa = PBXBuildFile; fileRef = C5D1E29A447351B335A4C2A4 /* OpenURLAction.swift */; };
		E4E9D257A248FF4238EFC61C /* ExtensionManifestTests.swift in Sources */ = {isa = PBXBuildFile; fileRef = 042DA17A2486356DBB307B2F /* ExtensionManifestTests.swift */; };
		E61E4C2DC3230E70EA105D27 /* InstalledAppsScanner.swift in Sources */ = {isa = PBXBuildFile; fileRef = 86C9A6B8F1602DED59E0237E /* InstalledAppsScanner.swift */; };
		E7424D17BE75365173076A09 /* ProtocolConformanceTests.swift in Sources */ = {isa = PBXBuildFile; fileRef = 7BA7925A98746EBC6AD57A32 /* ProtocolConformanceTests.swift */; };
		E86C2D7468C5053D116BE999 /* ActionCustomizationManager.swift in Sources */ = {isa = PBXBuildFile; fileRef = 7683646692AA6067DA5AA86D /* ActionCustomizationManager.swift */; };
		EB0DB3A8EC936D90D0D35D98 /* DefineActionTests.swift in Sources */ = {isa = PBXBuildFile; fileRef = 6BCD81A735F9A377FDE4DB32 /* DefineActionTests.swift */; };
		EBBD4760385941DFFB5BE503 /* SDWebImageSVGCoder in Frameworks */ = {isa = PBXBuildFile; productRef = 278D795496038DBC2C17BD98 /* SDWebImageSVGCoder */; };
		EBBDD5144B39E9622CA4F910 /* BuiltinRegistry.swift in Sources */ = {isa = PBXBuildFile; fileRef = 5B31769AC6C38931924A68F4 /* BuiltinRegistry.swift */; };
		EBE9FB46AD56F10020544D24 /* SelectionContext.swift in Sources */ = {isa = PBXBuildFile; fileRef = 8F741E6F7B6D8F5B61A13F0F /* SelectionContext.swift */; };
		F499E888422C2452E64E2F06 /* ExtensionsStoreViewTests.swift in Sources */ = {isa = PBXBuildFile; fileRef = 6A9596443229B1173DAB2434 /* ExtensionsStoreViewTests.swift */; };
		F771AE634BA65CAA36353E65 /* ConfigurableAction.swift in Sources */ = {isa = PBXBuildFile; fileRef = 58A3A4C1ECD9EF519BE8134B /* ConfigurableAction.swift */; };
		F9BF36325EE43D2E470B7019 /* OllamaProvider.swift in Sources */ = {isa = PBXBuildFile; fileRef = D4A106241D07C43ED6F7226F /* OllamaProvider.swift */; };
		FACD7D36C9F9D59E235C615A /* RevealInFinderAction.swift in Sources */ = {isa = PBXBuildFile; fileRef = 85CB0D7F545A74562723950E /* RevealInFinderAction.swift */; };
		FAE8B480FE55D8C3ACC20A29 /* PreferencesView.swift in Sources */ = {isa = PBXBuildFile; fileRef = F660BE562891C148ECA1E083 /* PreferencesView.swift */; };
		FF465DCBAE09757549C4A37B /* OnboardingWindowController.swift in Sources */ = {isa = PBXBuildFile; fileRef = 8980C8AD7397B5E27CC86D63 /* OnboardingWindowController.swift */; };
		FF8AD26267B32EC6ACC97100 /* SelectionCoordinator.swift in Sources */ = {isa = PBXBuildFile; fileRef = 7B248F94C146E6304445E6DF /* SelectionCoordinator.swift */; };
/* End PBXBuildFile section */

/* Begin PBXContainerItemProxy section */
		08799C0A2A45C6AE34AD5936 /* PBXContainerItemProxy */ = {
			isa = PBXContainerItemProxy;
			containerPortal = A9F1087A35C227BA15E169FF /* Project object */;
			proxyType = 1;
			remoteGlobalIDString = C4AE70D9CEE6CD32E06BBA3A;
			remoteInfo = OpenClip;
		};
		30CF9143C3AF6CFF58E3B509 /* PBXContainerItemProxy */ = {
			isa = PBXContainerItemProxy;
			containerPortal = A9F1087A35C227BA15E169FF /* Project object */;
			proxyType = 1;
			remoteGlobalIDString = 84F393CB9794CD10A5608637;
			remoteInfo = Core;
		};
/* End PBXContainerItemProxy section */

/* Begin PBXCopyFilesBuildPhase section */
		359D47B74C2AD1B3614C8A4A /* Embed Frameworks */ = {
			isa = PBXCopyFilesBuildPhase;
			buildActionMask = 2147483647;
			dstPath = "";
			dstSubfolderSpec = 10;
			files = (
				37606174465EF5FF5CE918E3 /* Core.framework in Embed Frameworks */,
			);
			name = "Embed Frameworks";
			runOnlyForDeploymentPostprocessing = 0;
		};
/* End PBXCopyFilesBuildPhase section */

/* Begin PBXFileReference section */
		00D644F2046169A3D911104F /* ActionCoordinator.swift */ = {isa = PBXFileReference; lastKnownFileType = sourcecode.swift; path = ActionCoordinator.swift; sourceTree = "<group>"; };
		0235D3D283F8890DEEE2A915 /* CloudAPIProvider.swift */ = {isa = PBXFileReference; lastKnownFileType = sourcecode.swift; path = CloudAPIProvider.swift; sourceTree = "<group>"; };
		0320149D41E8A7C2D2A9DED8 /* OpenClipTests.xctest */ = {isa = PBXFileReference; explicitFileType = wrapper.cfbundle; includeInIndex = 0; path = OpenClipTests.xctest; sourceTree = BUILT_PRODUCTS_DIR; };
		042DA17A2486356DBB307B2F /* ExtensionManifestTests.swift */ = {isa = PBXFileReference; lastKnownFileType = sourcecode.swift; path = ExtensionManifestTests.swift; sourceTree = "<group>"; };
		0433AD358F1B636910C66094 /* OpenClipSnippetParser.swift */ = {isa = PBXFileReference; lastKnownFileType = sourcecode.swift; path = OpenClipSnippetParser.swift; sourceTree = "<group>"; };
		06C43223F2E4E777CC9F7673 /* RuleEngineTests.swift */ = {isa = PBXFileReference; lastKnownFileType = sourcecode.swift; path = RuleEngineTests.swift; sourceTree = "<group>"; };
		087F3A6593D8726BD84CF1F1 /* PopupPanel.swift */ = {isa = PBXFileReference; lastKnownFileType = sourcecode.swift; path = PopupPanel.swift; sourceTree = "<group>"; };
		0AC7C388035A937859369C48 /* IconPickerView.swift */ = {isa = PBXFileReference; lastKnownFileType = sourcecode.swift; path = IconPickerView.swift; sourceTree = "<group>"; };
		0CF97DDF5B196383416AB162 /* CompletionActionTests.swift */ = {isa = PBXFileReference; lastKnownFileType = sourcecode.swift; path = CompletionActionTests.swift; sourceTree = "<group>"; };
		0D770B00EA584CD6DC259086 /* CalendarAction.swift */ = {isa = PBXFileReference; lastKnownFileType = sourcecode.swift; path = CalendarAction.swift; sourceTree = "<group>"; };
		0F3B8C9AB19BEC2ACF890FEB /* StatusBarController.swift */ = {isa = PBXFileReference; lastKnownFileType = sourcecode.swift; path = StatusBarController.swift; sourceTree = "<group>"; };
		0F4DAB73B13C780B669746CE /* ModifierFlags.swift */ = {isa = PBXFileReference; lastKnownFileType = sourcecode.swift; path = ModifierFlags.swift; sourceTree = "<group>"; };
		14E8C5B2AC7501048B10F0D1 /* Action.swift */ = {isa = PBXFileReference; lastKnownFileType = sourcecode.swift; path = Action.swift; sourceTree = "<group>"; };
		15F2DA7AE2DE334E1A769A2E /* ActionCoordinatorStartupTests.swift */ = {isa = PBXFileReference; lastKnownFileType = sourcecode.swift; path = ActionCoordinatorStartupTests.swift; sourceTree = "<group>"; };
		171CC0405F553E737A32C250 /* ExtensionsStoreView.swift */ = {isa = PBXFileReference; lastKnownFileType = sourcecode.swift; path = ExtensionsStoreView.swift; sourceTree = "<group>"; };
		17E803385A2D8E9D1D257F00 /* Constants.swift */ = {isa = PBXFileReference; lastKnownFileType = sourcecode.swift; path = Constants.swift; sourceTree = "<group>"; };
		1830B25888AE1D0532D00813 /* SettingKey.swift */ = {isa = PBXFileReference; lastKnownFileType = sourcecode.swift; path = SettingKey.swift; sourceTree = "<group>"; };
		1AF0F3CA2EF364269DB523FD /* ActionRegistry.swift */ = {isa = PBXFileReference; lastKnownFileType = sourcecode.swift; path = ActionRegistry.swift; sourceTree = "<group>"; };
		1B1ED5E66BD010DECBA31B69 /* MacTextRetriever.swift */ = {isa = PBXFileReference; lastKnownFileType = sourcecode.swift; path = MacTextRetriever.swift; sourceTree = "<group>"; };
		1E86D685379782075566534F /* ActionRegistryTests.swift */ = {isa = PBXFileReference; lastKnownFileType = sourcecode.swift; path = ActionRegistryTests.swift; sourceTree = "<group>"; };
		208E1DDA96B874A04C415CE2 /* ExtensionsAPIClient.swift */ = {isa = PBXFileReference; lastKnownFileType = sourcecode.swift; path = ExtensionsAPIClient.swift; sourceTree = "<group>"; };
		287DF09DC26BE3ACE16F3B53 /* AppDelegate.swift */ = {isa = PBXFileReference; lastKnownFileType = sourcecode.swift; path = AppDelegate.swift; sourceTree = "<group>"; };
		2880EA47FA384B00CFAD2877 /* OpenClipSnippetParser+DefaultFactory.swift */ = {isa = PBXFileReference; lastKnownFileType = sourcecode.swift; path = "OpenClipSnippetParser+DefaultFactory.swift"; sourceTree = "<group>"; };
		2C2E0CE18FC287126307E67B /* SettingsStore.swift */ = {isa = PBXFileReference; lastKnownFileType = sourcecode.swift; path = SettingsStore.swift; sourceTree = "<group>"; };
		2EA880751E87F795D5A87C8F /* ExtensionsStoreIntegrationTests.swift */ = {isa = PBXFileReference; lastKnownFileType = sourcecode.swift; path = ExtensionsStoreIntegrationTests.swift; sourceTree = "<group>"; };
		2F9C20B7C7D633121BA39CDA /* ScriptAction.swift */ = {isa = PBXFileReference; lastKnownFileType = sourcecode.swift; path = ScriptAction.swift; sourceTree = "<group>"; };
		301144A424F615703BABA2D0 /* DefaultActionFactoryTests.swift */ = {isa = PBXFileReference; lastKnownFileType = sourcecode.swift; path = DefaultActionFactoryTests.swift; sourceTree = "<group>"; };
		301F027F5438EEDF87A6645B /* PasteAction.swift */ = {isa = PBXFileReference; lastKnownFileType = sourcecode.swift; path = PasteAction.swift; sourceTree = "<group>"; };
		309A0ED1613CEB1CF46AFBF8 /* AITab.swift */ = {isa = PBXFileReference; lastKnownFileType = sourcecode.swift; path = AITab.swift; sourceTree = "<group>"; };
		3359F30EB7FC15DFC02A4D9B /* OpenClipSnippetParserTests.swift */ = {isa = PBXFileReference; lastKnownFileType = sourcecode.swift; path = OpenClipSnippetParserTests.swift; sourceTree = "<group>"; };
		336067B05C52B87CD8C9DA9F /* ExtensionManager.swift */ = {isa = PBXFileReference; lastKnownFileType = sourcecode.swift; path = ExtensionManager.swift; sourceTree = "<group>"; };
		3675FDD7BC06CF3B3CBDA003 /* DynamicActionConfigView.swift */ = {isa = PBXFileReference; lastKnownFileType = sourcecode.swift; path = DynamicActionConfigView.swift; sourceTree = "<group>"; };
		38D9A91D8E78B77B35D10754 /* Core.framework */ = {isa = PBXFileReference; explicitFileType = wrapper.framework; includeInIndex = 0; path = Core.framework; sourceTree = BUILT_PRODUCTS_DIR; };
		38E0B09A0FCBBCF4C67A0FFF /* AppleIntelligenceProvider.swift */ = {isa = PBXFileReference; lastKnownFileType = sourcecode.swift; path = AppleIntelligenceProvider.swift; sourceTree = "<group>"; };
		3CA1668ABEA1DDA04C75B2BC /* EditActionSheet.swift */ = {isa = PBXFileReference; lastKnownFileType = sourcecode.swift; path = EditActionSheet.swift; sourceTree = "<group>"; };
		3E47D4C3D096CE979274DCDA /* BuiltinRegistryTests.swift */ = {isa = PBXFileReference; lastKnownFileType = sourcecode.swift; path = BuiltinRegistryTests.swift; sourceTree = "<group>"; };
		40BC7280676281FD11450DF2 /* ActionFactory.swift */ = {isa = PBXFileReference; lastKnownFileType = sourcecode.swift; path = ActionFactory.swift; sourceTree = "<group>"; };
		4284E18DE06D8BB8FF933E15 /* ActionAppearanceFields.swift */ = {isa = PBXFileReference; lastKnownFileType = sourcecode.swift; path = ActionAppearanceFields.swift; sourceTree = "<group>"; };
		43600D5250056CDB41C7FDF4 /* LaunchAtLoginManager.swift */ = {isa = PBXFileReference; lastKnownFileType = sourcecode.swift; path = LaunchAtLoginManager.swift; sourceTree = "<group>"; };
		47E51843D196C894F4B98910 /* SettingsStoreTests.swift */ = {isa = PBXFileReference; lastKnownFileType = sourcecode.swift; path = SettingsStoreTests.swift; sourceTree = "<group>"; };
		49648502F040834635BBD8ED /* TextRetrieverTests.swift */ = {isa = PBXFileReference; lastKnownFileType = sourcecode.swift; path = TextRetrieverTests.swift; sourceTree = "<group>"; };
		4AF4CBDEB80089C9FBCE3836 /* ExtensionsAPITests.swift */ = {isa = PBXFileReference; lastKnownFileType = sourcecode.swift; path = ExtensionsAPITests.swift; sourceTree = "<group>"; };
		4BB115DCDCB4749A1DDB8222 /* PermissionManager.swift */ = {isa = PBXFileReference; lastKnownFileType = sourcecode.swift; path = PermissionManager.swift; sourceTree = "<group>"; };
		4C75D3BF228023DEA93C5D3D /* Core.swift */ = {isa = PBXFileReference; lastKnownFileType = sourcecode.swift; path = Core.swift; sourceTree = "<group>"; };
		4D47BAB3F6C14A0AB8D0B870 /* HotkeyManager.swift */ = {isa = PBXFileReference; lastKnownFileType = sourcecode.swift; path = HotkeyManager.swift; sourceTree = "<group>"; };
		4E0824A74806623A75D29570 /* RemoteExtensionInstallerTests.swift */ = {isa = PBXFileReference; lastKnownFileType = sourcecode.swift; path = RemoteExtensionInstallerTests.swift; sourceTree = "<group>"; };
		5403DA3AA5ED80810759AB76 /* ActionIconView.swift */ = {isa = PBXFileReference; lastKnownFileType = sourcecode.swift; path = ActionIconView.swift; sourceTree = "<group>"; };
		5462DE3FBF349954799E6C00 /* AIProvider.swift */ = {isa = PBXFileReference; lastKnownFileType = sourcecode.swift; path = AIProvider.swift; sourceTree = "<group>"; };
		5471C526A3CC3251CAC63D74 /* AppleScriptAction.swift */ = {isa = PBXFileReference; lastKnownFileType = sourcecode.swift; path = AppleScriptAction.swift; sourceTree = "<group>"; };
		556EAA8E99BA35061EE49D9F /* AppIdentifying.swift */ = {isa = PBXFileReference; lastKnownFileType = sourcecode.swift; path = AppIdentifying.swift; sourceTree = "<group>"; };
		56934780251D06C70C9D3172 /* CutAction.swift */ = {isa = PBXFileReference; lastKnownFileType = sourcecode.swift; path = CutAction.swift; sourceTree = "<group>"; };
		57E8EC4414979D75CE50BA12 /* RuleEngine.swift */ = {isa = PBXFileReference; lastKnownFileType = sourcecode.swift; path = RuleEngine.swift; sourceTree = "<group>"; };
		58A3A4C1ECD9EF519BE8134B /* ConfigurableAction.swift */ = {isa = PBXFileReference; lastKnownFileType = sourcecode.swift; path = ConfigurableAction.swift; sourceTree = "<group>"; };
		58D8C54121CAFC913E8B4110 /* JavaScriptAction.swift */ = {isa = PBXFileReference; lastKnownFileType = sourcecode.swift; path = JavaScriptAction.swift; sourceTree = "<group>"; };
		5B31769AC6C38931924A68F4 /* BuiltinRegistry.swift */ = {isa = PBXFileReference; lastKnownFileType = sourcecode.swift; path = BuiltinRegistry.swift; sourceTree = "<group>"; };
		5B5D0BA6BE281AC2E0ED64FA /* ActionPresentationTests.swift */ = {isa = PBXFileReference; lastKnownFileType = sourcecode.swift; path = ActionPresentationTests.swift; sourceTree = "<group>"; };
		5BFF66BC8C0CB6DBE2EEC671 /* PopupPositionerTests.swift */ = {isa = PBXFileReference; lastKnownFileType = sourcecode.swift; path = PopupPositionerTests.swift; sourceTree = "<group>"; };
		6129D3E6F351430FA57265B6 /* MacSelectionMonitor.swift */ = {isa = PBXFileReference; lastKnownFileType = sourcecode.swift; path = MacSelectionMonitor.swift; sourceTree = "<group>"; };
		65E687A10246C0EFE5F744DA /* BrowserRedirectProvider.swift */ = {isa = PBXFileReference; lastKnownFileType = sourcecode.swift; path = BrowserRedirectProvider.swift; sourceTree = "<group>"; };
		69B38B060F52BA3AAA63B8C8 /* ActionPresentation.swift */ = {isa = PBXFileReference; lastKnownFileType = sourcecode.swift; path = ActionPresentation.swift; sourceTree = "<group>"; };
		6A9596443229B1173DAB2434 /* ExtensionsStoreViewTests.swift */ = {isa = PBXFileReference; lastKnownFileType = sourcecode.swift; path = ExtensionsStoreViewTests.swift; sourceTree = "<group>"; };
		6BCD81A735F9A377FDE4DB32 /* DefineActionTests.swift */ = {isa = PBXFileReference; lastKnownFileType = sourcecode.swift; path = DefineActionTests.swift; sourceTree = "<group>"; };
		738CD300B1AEB0E382F8435B /* ServicesAction.swift */ = {isa = PBXFileReference; lastKnownFileType = sourcecode.swift; path = ServicesAction.swift; sourceTree = "<group>"; };
		74377A23CADC86774742A0BD /* InstalledAppsScannerTests.swift */ = {isa = PBXFileReference; lastKnownFileType = sourcecode.swift; path = InstalledAppsScannerTests.swift; sourceTree = "<group>"; };
		750ADA88A976EEF10B2481E2 /* AppFilter.swift */ = {isa = PBXFileReference; lastKnownFileType = sourcecode.swift; path = AppFilter.swift; sourceTree = "<group>"; };
		7683646692AA6067DA5AA86D /* ActionCustomizationManager.swift */ = {isa = PBXFileReference; lastKnownFileType = sourcecode.swift; path = ActionCustomizationManager.swift; sourceTree = "<group>"; };
		7B248F94C146E6304445E6DF /* SelectionCoordinator.swift */ = {isa = PBXFileReference; lastKnownFileType = sourcecode.swift; path = SelectionCoordinator.swift; sourceTree = "<group>"; };
		7BA7925A98746EBC6AD57A32 /* ProtocolConformanceTests.swift */ = {isa = PBXFileReference; lastKnownFileType = sourcecode.swift; path = ProtocolConformanceTests.swift; sourceTree = "<group>"; };
		7BBCBD7E4F5F0D1015061E8D /* ActionCoordinatorTests.swift */ = {isa = PBXFileReference; lastKnownFileType = sourcecode.swift; path = ActionCoordinatorTests.swift; sourceTree = "<group>"; };
		7E394DE9DE12EEEB992A5771 /* TransformTextActionTests.swift */ = {isa = PBXFileReference; lastKnownFileType = sourcecode.swift; path = TransformTextActionTests.swift; sourceTree = "<group>"; };
		7FF20DB76BDB47222A26CBAC /* AIProviderTests.swift */ = {isa = PBXFileReference; lastKnownFileType = sourcecode.swift; path = AIProviderTests.swift; sourceTree = "<group>"; };
		82321CCDFB4EDE96ABB905F7 /* CompletionAction.swift */ = {isa = PBXFileReference; lastKnownFileType = sourcecode.swift; path = CompletionAction.swift; sourceTree = "<group>"; };
		85CB0D7F545A74562723950E /* RevealInFinderAction.swift */ = {isa = PBXFileReference; lastKnownFileType = sourcecode.swift; path = RevealInFinderAction.swift; sourceTree = "<group>"; };
		86C9A6B8F1602DED59E0237E /* InstalledAppsScanner.swift */ = {isa = PBXFileReference; lastKnownFileType = sourcecode.swift; path = InstalledAppsScanner.swift; sourceTree = "<group>"; };
		871B6048B7968E61FCB53537 /* OpenClipApp.swift */ = {isa = PBXFileReference; lastKnownFileType = sourcecode.swift; path = OpenClipApp.swift; sourceTree = "<group>"; };
		8980C8AD7397B5E27CC86D63 /* OnboardingWindowController.swift */ = {isa = PBXFileReference; lastKnownFileType = sourcecode.swift; path = OnboardingWindowController.swift; sourceTree = "<group>"; };
		8B521F6AE4BA6FD8516E8A1B /* Info.plist */ = {isa = PBXFileReference; lastKnownFileType = text.plist; path = Info.plist; sourceTree = "<group>"; };
		8F741E6F7B6D8F5B61A13F0F /* SelectionContext.swift */ = {isa = PBXFileReference; lastKnownFileType = sourcecode.swift; path = SelectionContext.swift; sourceTree = "<group>"; };
		905AC1128EFCA584DF52AD70 /* CalculateAction.swift */ = {isa = PBXFileReference; lastKnownFileType = sourcecode.swift; path = CalculateAction.swift; sourceTree = "<group>"; };
		90B84517D03AB3D9A5BB0D1D /* AIServiceManager.swift */ = {isa = PBXFileReference; lastKnownFileType = sourcecode.swift; path = AIServiceManager.swift; sourceTree = "<group>"; };
		91FEA7E1D95D4DC5416B66A5 /* ActionCustomizationTests.swift */ = {isa = PBXFileReference; lastKnownFileType = sourcecode.swift; path = ActionCustomizationTests.swift; sourceTree = "<group>"; };
		92591CBEAFDE51E7D4630274 /* RevealInFinderActionTests.swift */ = {isa = PBXFileReference; lastKnownFileType = sourcecode.swift; path = RevealInFinderActionTests.swift; sourceTree = "<group>"; };
		940F1D0FB3BA50C10CCEBCDF /* ActionContext.swift */ = {isa = PBXFileReference; lastKnownFileType = sourcecode.swift; path = ActionContext.swift; sourceTree = "<group>"; };
		95F4335DD4C3C026D8A6AEBA /* TextPlaceholderEngineTests.swift */ = {isa = PBXFileReference; lastKnownFileType = sourcecode.swift; path = TextPlaceholderEngineTests.swift; sourceTree = "<group>"; };
		962ABA3EFF448F3AB8D26A91 /* ActionConfigSheet.swift */ = {isa = PBXFileReference; lastKnownFileType = sourcecode.swift; path = ActionConfigSheet.swift; sourceTree = "<group>"; };
		9ACC606EEF879A9BCA003756 /* ContextualFilteringTests.swift */ = {isa = PBXFileReference; lastKnownFileType = sourcecode.swift; path = ContextualFilteringTests.swift; sourceTree = "<group>"; };
		9FA55E97E43DEF1F7C6D2146 /* AIResultOverlayView.swift */ = {isa = PBXFileReference; lastKnownFileType = sourcecode.swift; path = AIResultOverlayView.swift; sourceTree = "<group>"; };
		A4569F410A617490B0538051 /* TextRetrieving.swift */ = {isa = PBXFileReference; lastKnownFileType = sourcecode.swift; path = TextRetrieving.swift; sourceTree = "<group>"; };
		A4F2434073F85AB2FC61E746 /* BuiltinActionsTests.swift */ = {isa = PBXFileReference; lastKnownFileType = sourcecode.swift; path = BuiltinActionsTests.swift; sourceTree = "<group>"; };
		A8DAACCC7C82CE7BB96D5F0D /* CustomAction.swift */ = {isa = PBXFileReference; lastKnownFileType = sourcecode.swift; path = CustomAction.swift; sourceTree = "<group>"; };
		AE8874EAC1123657CDB78D06 /* TextPlaceholderEngine.swift */ = {isa = PBXFileReference; lastKnownFileType = sourcecode.swift; path = TextPlaceholderEngine.swift; sourceTree = "<group>"; };
		AE88AFD0FAB1C8989D5CE6C6 /* SelectionCoordinatorTests.swift */ = {isa = PBXFileReference; lastKnownFileType = sourcecode.swift; path = SelectionCoordinatorTests.swift; sourceTree = "<group>"; };
		AF5D851B09CA25A4A497F0C7 /* AppFilterTests.swift */ = {isa = PBXFileReference; lastKnownFileType = sourcecode.swift; path = AppFilterTests.swift; sourceTree = "<group>"; };
		B603C28D161A795066B85A89 /* LaunchAtLoginManagerTests.swift */ = {isa = PBXFileReference; lastKnownFileType = sourcecode.swift; path = LaunchAtLoginManagerTests.swift; sourceTree = "<group>"; };
		B704F280421B7F41B35BB7C9 /* ExtensionsModels.swift */ = {isa = PBXFileReference; lastKnownFileType = sourcecode.swift; path = ExtensionsModels.swift; sourceTree = "<group>"; };
		B7534A2D6FD5368B237CB5C5 /* ExtensionOption.swift */ = {isa = PBXFileReference; lastKnownFileType = sourcecode.swift; path = ExtensionOption.swift; sourceTree = "<group>"; };
		B8D913A22565F43A04740AEB /* PopupPositioner.swift */ = {isa = PBXFileReference; lastKnownFileType = sourcecode.swift; path = PopupPositioner.swift; sourceTree = "<group>"; };
		B9FC029F7281D9A7C1F5C0BD /* TransformTextAction.swift */ = {isa = PBXFileReference; lastKnownFileType = sourcecode.swift; path = TransformTextAction.swift; sourceTree = "<group>"; };
		BA4CE0EEDB520B882DB1A0CD /* ScriptActionExecutionTests.swift */ = {isa = PBXFileReference; lastKnownFileType = sourcecode.swift; path = ScriptActionExecutionTests.swift; sourceTree = "<group>"; };
		BB70FC227E05CD8269458C89 /* PopupWindowController.swift */ = {isa = PBXFileReference; lastKnownFileType = sourcecode.swift; path = PopupWindowController.swift; sourceTree = "<group>"; };
		BCD2E8E311CD870FA0E955A9 /* AppIdentifying+NSRunningApplication.swift */ = {isa = PBXFileReference; lastKnownFileType = sourcecode.swift; path = "AppIdentifying+NSRunningApplication.swift"; sourceTree = "<group>"; };
		C0A5C800BE48C74A05B33DDA /* GoldenExtensionPlatformTests.swift */ = {isa = PBXFileReference; lastKnownFileType = sourcecode.swift; path = GoldenExtensionPlatformTests.swift; sourceTree = "<group>"; };
		C0B0960E3A7EF80331F08063 /* CopyAction.swift */ = {isa = PBXFileReference; lastKnownFileType = sourcecode.swift; path = CopyAction.swift; sourceTree = "<group>"; };
		C5D1E29A447351B335A4C2A4 /* OpenURLAction.swift */ = {isa = PBXFileReference; lastKnownFileType = sourcecode.swift; path = OpenURLAction.swift; sourceTree = "<group>"; };
		C5FC00AC73CC488DBF7F7240 /* SearchAction.swift */ = {isa = PBXFileReference; lastKnownFileType = sourcecode.swift; path = SearchAction.swift; sourceTree = "<group>"; };
		CB70EAE4A67E1C59A1977A8D /* DefineAction.swift */ = {isa = PBXFileReference; lastKnownFileType = sourcecode.swift; path = DefineAction.swift; sourceTree = "<group>"; };
		CD6C339B374DBE3884DA21E9 /* UnifiedIconProvider.swift */ = {isa = PBXFileReference; lastKnownFileType = sourcecode.swift; path = UnifiedIconProvider.swift; sourceTree = "<group>"; };
		CEE41531ACE74639DE1C5CB4 /* RemoteExtensionInstaller.swift */ = {isa = PBXFileReference; lastKnownFileType = sourcecode.swift; path = RemoteExtensionInstaller.swift; sourceTree = "<group>"; };
		D30E9B1A09FFEE44BC1A5793 /* AppPickerSheet.swift */ = {isa = PBXFileReference; lastKnownFileType = sourcecode.swift; path = AppPickerSheet.swift; sourceTree = "<group>"; };
		D33B3004A90DD3BE1E64DD30 /* ExtensionManagerTests.swift */ = {isa = PBXFileReference; lastKnownFileType = sourcecode.swift; path = ExtensionManagerTests.swift; sourceTree = "<group>"; };
		D4A106241D07C43ED6F7226F /* OllamaProvider.swift */ = {isa = PBXFileReference; lastKnownFileType = sourcecode.swift; path = OllamaProvider.swift; sourceTree = "<group>"; };
		D719D2B6B3F32C056AED329D /* CalculateActionTests.swift */ = {isa = PBXFileReference; lastKnownFileType = sourcecode.swift; path = CalculateActionTests.swift; sourceTree = "<group>"; };
		DCA945F176CA85C590C8CCF4 /* CustomActionManager.swift */ = {isa = PBXFileReference; lastKnownFileType = sourcecode.swift; path = CustomActionManager.swift; sourceTree = "<group>"; };
		DECAB4B5213F632283318CD6 /* SelectionMonitoring.swift */ = {isa = PBXFileReference; lastKnownFileType = sourcecode.swift; path = SelectionMonitoring.swift; sourceTree = "<group>"; };
		E21F7917E14860EA903D0552 /* AppRule.swift */ = {isa = PBXFileReference; lastKnownFileType = sourcecode.swift; path = AppRule.swift; sourceTree = "<group>"; };
		E54AEEA54ADE3106E777F448 /* ActionResult.swift */ = {isa = PBXFileReference; lastKnownFileType = sourcecode.swift; path = ActionResult.swift; sourceTree = "<group>"; };
		E74EC58C6E636CC1388565D9 /* DefaultActionFactory.swift */ = {isa = PBXFileReference; lastKnownFileType = sourcecode.swift; path = DefaultActionFactory.swift; sourceTree = "<group>"; };
		E97352E36DEEAE5F6A6AE6F5 /* OpenClip.app */ = {isa = PBXFileReference; explicitFileType = wrapper.application; includeInIndex = 0; path = OpenClip.app; sourceTree = BUILT_PRODUCTS_DIR; };
		EEF62694D77470DE4E2262E6 /* OnboardingView.swift */ = {isa = PBXFileReference; lastKnownFileType = sourcecode.swift; path = OnboardingView.swift; sourceTree = "<group>"; };
		EFA90E8C3C3CA2051D777A8E /* ScriptActionTests.swift */ = {isa = PBXFileReference; lastKnownFileType = sourcecode.swift; path = ScriptActionTests.swift; sourceTree = "<group>"; };
		F092B5E7205F765F5BBB69A4 /* AddCustomActionSheet.swift */ = {isa = PBXFileReference; lastKnownFileType = sourcecode.swift; path = AddCustomActionSheet.swift; sourceTree = "<group>"; };
		F2CB1948C425181EE3DCFAAA /* URLTemplateAction.swift */ = {isa = PBXFileReference; lastKnownFileType = sourcecode.swift; path = URLTemplateAction.swift; sourceTree = "<group>"; };
		F42C959E23FBB018FD815BBD /* PopupView.swift */ = {isa = PBXFileReference; lastKnownFileType = sourcecode.swift; path = PopupView.swift; sourceTree = "<group>"; };
		F660BE562891C148ECA1E083 /* PreferencesView.swift */ = {isa = PBXFileReference; lastKnownFileType = sourcecode.swift; path = PreferencesView.swift; sourceTree = "<group>"; };
		F83E744E54478C7A60BEE112 /* AppRulesTab.swift */ = {isa = PBXFileReference; lastKnownFileType = sourcecode.swift; path = AppRulesTab.swift; sourceTree = "<group>"; };
		FB8E693598E421C204E409DD /* WordCompletionProviding.swift */ = {isa = PBXFileReference; lastKnownFileType = sourcecode.swift; path = WordCompletionProviding.swift; sourceTree = "<group>"; };
		FFB1D78D56093DFD6C687ED4 /* CustomActionManagerTests.swift */ = {isa = PBXFileReference; lastKnownFileType = sourcecode.swift; path = CustomActionManagerTests.swift; sourceTree = "<group>"; };
		FFE7151632E620F610F28030 /* DeepLinkHandlerTests.swift */ = {isa = PBXFileReference; lastKnownFileType = sourcecode.swift; path = DeepLinkHandlerTests.swift; sourceTree = "<group>"; };
/* End PBXFileReference section */

/* Begin PBXFrameworksBuildPhase section */
		4DA7DB766816B2210FE30651 /* Frameworks */ = {
			isa = PBXFrameworksBuildPhase;
			buildActionMask = 2147483647;
			files = (
				1A92B6897F7D9221305370A4 /* Core.framework in Frameworks */,
				C54EA6972708DC6B6083AF66 /* KeyboardShortcuts in Frameworks */,
				525E21DA64B3EB439A493E1C /* Defaults in Frameworks */,
				2D5A6C0BC066105BCD180A11 /* Sparkle in Frameworks */,
				8992215E8F8C5B8794B333EC /* SDWebImageSwiftUI in Frameworks */,
				EBBD4760385941DFFB5BE503 /* SDWebImageSVGCoder in Frameworks */,
			);
			runOnlyForDeploymentPostprocessing = 0;
		};
/* End PBXFrameworksBuildPhase section */

/* Begin PBXGroup section */
		0334C4BE1DC0DB7B6A7F6C57 /* Providers */ = {
			isa = PBXGroup;
			children = (
				38E0B09A0FCBBCF4C67A0FFF /* AppleIntelligenceProvider.swift */,
				65E687A10246C0EFE5F744DA /* BrowserRedirectProvider.swift */,
				0235D3D283F8890DEEE2A915 /* CloudAPIProvider.swift */,
				D4A106241D07C43ED6F7226F /* OllamaProvider.swift */,
			);
			path = Providers;
			sourceTree = "<group>";
		};
		0A2AE4010C5A2D86AD53D563 /* Extensions */ = {
			isa = PBXGroup;
			children = (
				E74EC58C6E636CC1388565D9 /* DefaultActionFactory.swift */,
				2880EA47FA384B00CFAD2877 /* OpenClipSnippetParser+DefaultFactory.swift */,
				CEE41531ACE74639DE1C5CB4 /* RemoteExtensionInstaller.swift */,
			);
			path = Extensions;
			sourceTree = "<group>";
		};
		0BBE48F575F811D54A447525 /* Utils */ = {
			isa = PBXGroup;
			children = (
				AE8874EAC1123657CDB78D06 /* TextPlaceholderEngine.swift */,
			);
			path = Utils;
			sourceTree = "<group>";
		};
		15E13C36EF68E62BC6FCD64A /* AI */ = {
			isa = PBXGroup;
			children = (
				5462DE3FBF349954799E6C00 /* AIProvider.swift */,
				90B84517D03AB3D9A5BB0D1D /* AIServiceManager.swift */,
				0334C4BE1DC0DB7B6A7F6C57 /* Providers */,
			);
			path = AI;
			sourceTree = "<group>";
		};
		16F485BF3083CCDF026D097E /* Onboarding */ = {
			isa = PBXGroup;
			children = (
				EEF62694D77470DE4E2262E6 /* OnboardingView.swift */,
				8980C8AD7397B5E27CC86D63 /* OnboardingWindowController.swift */,
			);
			path = Onboarding;
			sourceTree = "<group>";
		};
		203ACF6C403D1ECF4A1F2F8D /* UI */ = {
			isa = PBXGroup;
			children = (
				EF8E1555F8A95342AF957780 /* AI */,
				C91E21DF3A15D5BFFFC6D0AA /* Icons */,
				16F485BF3083CCDF026D097E /* Onboarding */,
				39D73E7BD52BCD72219A6F81 /* Popup */,
				9DA9E12BE0F361EEDE0E34B7 /* Preferences */,
			);
			path = UI;
			sourceTree = "<group>";
		};
		307D28809D1A3464A7225CFC /* Platform */ = {
			isa = PBXGroup;
			children = (
				BCD2E8E311CD870FA0E955A9 /* AppIdentifying+NSRunningApplication.swift */,
				4D47BAB3F6C14A0AB8D0B870 /* HotkeyManager.swift */,
				86C9A6B8F1602DED59E0237E /* InstalledAppsScanner.swift */,
				43600D5250056CDB41C7FDF4 /* LaunchAtLoginManager.swift */,
				6129D3E6F351430FA57265B6 /* MacSelectionMonitor.swift */,
				1B1ED5E66BD010DECBA31B69 /* MacTextRetriever.swift */,
				4BB115DCDCB4749A1DDB8222 /* PermissionManager.swift */,
				CD6C339B374DBE3884DA21E9 /* UnifiedIconProvider.swift */,
				78620BB3753CCE3EB7427378 /* BuiltinActions */,
				0A2AE4010C5A2D86AD53D563 /* Extensions */,
			);
			path = Platform;
			sourceTree = "<group>";
		};
		356174667B20DD6A3B64C248 /* Rules */ = {
			isa = PBXGroup;
			children = (
				E21F7917E14860EA903D0552 /* AppRule.swift */,
				57E8EC4414979D75CE50BA12 /* RuleEngine.swift */,
			);
			path = Rules;
			sourceTree = "<group>";
		};
		39D73E7BD52BCD72219A6F81 /* Popup */ = {
			isa = PBXGroup;
			children = (
				087F3A6593D8726BD84CF1F1 /* PopupPanel.swift */,
				B8D913A22565F43A04740AEB /* PopupPositioner.swift */,
				F42C959E23FBB018FD815BBD /* PopupView.swift */,
				BB70FC227E05CD8269458C89 /* PopupWindowController.swift */,
			);
			path = Popup;
			sourceTree = "<group>";
		};
		3BFB332B47278C5BC2AE4229 /* OpenClip */ = {
			isa = PBXGroup;
			children = (
				287DF09DC26BE3ACE16F3B53 /* AppDelegate.swift */,
				8B521F6AE4BA6FD8516E8A1B /* Info.plist */,
				871B6048B7968E61FCB53537 /* OpenClipApp.swift */,
				0F3B8C9AB19BEC2ACF890FEB /* StatusBarController.swift */,
				5B849E463A26F4F508BADECC /* Actions */,
				15E13C36EF68E62BC6FCD64A /* AI */,
				307D28809D1A3464A7225CFC /* Platform */,
				203ACF6C403D1ECF4A1F2F8D /* UI */,
			);
			name = OpenClip;
			path = Sources/OpenClip;
			sourceTree = "<group>";
		};
		425C4BFB581525FA8C7611B3 /* Builtin */ = {
			isa = PBXGroup;
			children = (
				905AC1128EFCA584DF52AD70 /* CalculateAction.swift */,
				0D770B00EA584CD6DC259086 /* CalendarAction.swift */,
				C0B0960E3A7EF80331F08063 /* CopyAction.swift */,
				56934780251D06C70C9D3172 /* CutAction.swift */,
				CB70EAE4A67E1C59A1977A8D /* DefineAction.swift */,
				301F027F5438EEDF87A6645B /* PasteAction.swift */,
				C5FC00AC73CC488DBF7F7240 /* SearchAction.swift */,
				B9FC029F7281D9A7C1F5C0BD /* TransformTextAction.swift */,
			);
			path = Builtin;
			sourceTree = "<group>";
		};
		51397ADF2BDA0A76AFEBE25C /* Extensions */ = {
			isa = PBXGroup;
			children = (
				40BC7280676281FD11450DF2 /* ActionFactory.swift */,
				336067B05C52B87CD8C9DA9F /* ExtensionManager.swift */,
				208E1DDA96B874A04C415CE2 /* ExtensionsAPIClient.swift */,
				B704F280421B7F41B35BB7C9 /* ExtensionsModels.swift */,
				0433AD358F1B636910C66094 /* OpenClipSnippetParser.swift */,
				2F9C20B7C7D633121BA39CDA /* ScriptAction.swift */,
			);
			path = Extensions;
			sourceTree = "<group>";
		};
		57AD04DA94DC729E76272AFE /* Settings */ = {
			isa = PBXGroup;
			children = (
				1830B25888AE1D0532D00813 /* SettingKey.swift */,
				2C2E0CE18FC287126307E67B /* SettingsStore.swift */,
			);
			path = Settings;
			sourceTree = "<group>";
		};
		5B849E463A26F4F508BADECC /* Actions */ = {
			isa = PBXGroup;
			children = (
				5471C526A3CC3251CAC63D74 /* AppleScriptAction.swift */,
				58D8C54121CAFC913E8B4110 /* JavaScriptAction.swift */,
			);
			path = Actions;
			sourceTree = "<group>";
		};
		64C014FFC1613806D987229B = {
			isa = PBXGroup;
			children = (
				D1C60AD211354ED2FF2C562D /* Core */,
				3BFB332B47278C5BC2AE4229 /* OpenClip */,
				E5550E18E26D2F31A7B43491 /* OpenClipTests */,
				C7914DC6A469A7C9C9E3D4F9 /* Products */,
			);
			sourceTree = "<group>";
		};
		78620BB3753CCE3EB7427378 /* BuiltinActions */ = {
			isa = PBXGroup;
			children = (
				82321CCDFB4EDE96ABB905F7 /* CompletionAction.swift */,
				C5D1E29A447351B335A4C2A4 /* OpenURLAction.swift */,
				85CB0D7F545A74562723950E /* RevealInFinderAction.swift */,
				738CD300B1AEB0E382F8435B /* ServicesAction.swift */,
			);
			path = BuiltinActions;
			sourceTree = "<group>";
		};
		91547193622C497B4B20B435 /* Actions */ = {
			isa = PBXGroup;
			children = (
				14E8C5B2AC7501048B10F0D1 /* Action.swift */,
				940F1D0FB3BA50C10CCEBCDF /* ActionContext.swift */,
				00D644F2046169A3D911104F /* ActionCoordinator.swift */,
				7683646692AA6067DA5AA86D /* ActionCustomizationManager.swift */,
				69B38B060F52BA3AAA63B8C8 /* ActionPresentation.swift */,
				1AF0F3CA2EF364269DB523FD /* ActionRegistry.swift */,
				E54AEEA54ADE3106E777F448 /* ActionResult.swift */,
				5B31769AC6C38931924A68F4 /* BuiltinRegistry.swift */,
				58A3A4C1ECD9EF519BE8134B /* ConfigurableAction.swift */,
				A8DAACCC7C82CE7BB96D5F0D /* CustomAction.swift */,
				DCA945F176CA85C590C8CCF4 /* CustomActionManager.swift */,
				B7534A2D6FD5368B237CB5C5 /* ExtensionOption.swift */,
				0F4DAB73B13C780B669746CE /* ModifierFlags.swift */,
				F2CB1948C425181EE3DCFAAA /* URLTemplateAction.swift */,
				FB8E693598E421C204E409DD /* WordCompletionProviding.swift */,
				425C4BFB581525FA8C7611B3 /* Builtin */,
			);
			path = Actions;
			sourceTree = "<group>";
		};
		9DA9E12BE0F361EEDE0E34B7 /* Preferences */ = {
			isa = PBXGroup;
			children = (
				4284E18DE06D8BB8FF933E15 /* ActionAppearanceFields.swift */,
				962ABA3EFF448F3AB8D26A91 /* ActionConfigSheet.swift */,
				F092B5E7205F765F5BBB69A4 /* AddCustomActionSheet.swift */,
				309A0ED1613CEB1CF46AFBF8 /* AITab.swift */,
				D30E9B1A09FFEE44BC1A5793 /* AppPickerSheet.swift */,
				F83E744E54478C7A60BEE112 /* AppRulesTab.swift */,
				3675FDD7BC06CF3B3CBDA003 /* DynamicActionConfigView.swift */,
				3CA1668ABEA1DDA04C75B2BC /* EditActionSheet.swift */,
				171CC0405F553E737A32C250 /* ExtensionsStoreView.swift */,
				0AC7C388035A937859369C48 /* IconPickerView.swift */,
				F660BE562891C148ECA1E083 /* PreferencesView.swift */,
			);
			path = Preferences;
			sourceTree = "<group>";
		};
		C7914DC6A469A7C9C9E3D4F9 /* Products */ = {
			isa = PBXGroup;
			children = (
				38D9A91D8E78B77B35D10754 /* Core.framework */,
				E97352E36DEEAE5F6A6AE6F5 /* OpenClip.app */,
				0320149D41E8A7C2D2A9DED8 /* OpenClipTests.xctest */,
			);
			name = Products;
			sourceTree = "<group>";
		};
		C91E21DF3A15D5BFFFC6D0AA /* Icons */ = {
			isa = PBXGroup;
			children = (
				5403DA3AA5ED80810759AB76 /* ActionIconView.swift */,
			);
			path = Icons;
			sourceTree = "<group>";
		};
		D1C60AD211354ED2FF2C562D /* Core */ = {
			isa = PBXGroup;
			children = (
				4C75D3BF228023DEA93C5D3D /* Core.swift */,
				91547193622C497B4B20B435 /* Actions */,
				51397ADF2BDA0A76AFEBE25C /* Extensions */,
				356174667B20DD6A3B64C248 /* Rules */,
				E06D4C5394CBB861B32012B1 /* Selection */,
				57AD04DA94DC729E76272AFE /* Settings */,
				0BBE48F575F811D54A447525 /* Utils */,
			);
			name = Core;
			path = Sources/Core;
			sourceTree = "<group>";
		};
		E06D4C5394CBB861B32012B1 /* Selection */ = {
			isa = PBXGroup;
			children = (
				750ADA88A976EEF10B2481E2 /* AppFilter.swift */,
				556EAA8E99BA35061EE49D9F /* AppIdentifying.swift */,
				17E803385A2D8E9D1D257F00 /* Constants.swift */,
				8F741E6F7B6D8F5B61A13F0F /* SelectionContext.swift */,
				7B248F94C146E6304445E6DF /* SelectionCoordinator.swift */,
				DECAB4B5213F632283318CD6 /* SelectionMonitoring.swift */,
				A4569F410A617490B0538051 /* TextRetrieving.swift */,
			);
			path = Selection;
			sourceTree = "<group>";
		};
		E5550E18E26D2F31A7B43491 /* OpenClipTests */ = {
			isa = PBXGroup;
			children = (
				15F2DA7AE2DE334E1A769A2E /* ActionCoordinatorStartupTests.swift */,
				7BBCBD7E4F5F0D1015061E8D /* ActionCoordinatorTests.swift */,
				91FEA7E1D95D4DC5416B66A5 /* ActionCustomizationTests.swift */,
				5B5D0BA6BE281AC2E0ED64FA /* ActionPresentationTests.swift */,
				1E86D685379782075566534F /* ActionRegistryTests.swift */,
				7FF20DB76BDB47222A26CBAC /* AIProviderTests.swift */,
				AF5D851B09CA25A4A497F0C7 /* AppFilterTests.swift */,
				A4F2434073F85AB2FC61E746 /* BuiltinActionsTests.swift */,
				3E47D4C3D096CE979274DCDA /* BuiltinRegistryTests.swift */,
				D719D2B6B3F32C056AED329D /* CalculateActionTests.swift */,
				0CF97DDF5B196383416AB162 /* CompletionActionTests.swift */,
				9ACC606EEF879A9BCA003756 /* ContextualFilteringTests.swift */,
				FFB1D78D56093DFD6C687ED4 /* CustomActionManagerTests.swift */,
				FFE7151632E620F610F28030 /* DeepLinkHandlerTests.swift */,
				301144A424F615703BABA2D0 /* DefaultActionFactoryTests.swift */,
				6BCD81A735F9A377FDE4DB32 /* DefineActionTests.swift */,
				D33B3004A90DD3BE1E64DD30 /* ExtensionManagerTests.swift */,
				042DA17A2486356DBB307B2F /* ExtensionManifestTests.swift */,
				4AF4CBDEB80089C9FBCE3836 /* ExtensionsAPITests.swift */,
				2EA880751E87F795D5A87C8F /* ExtensionsStoreIntegrationTests.swift */,
				6A9596443229B1173DAB2434 /* ExtensionsStoreViewTests.swift */,
				C0A5C800BE48C74A05B33DDA /* GoldenExtensionPlatformTests.swift */,
				74377A23CADC86774742A0BD /* InstalledAppsScannerTests.swift */,
				B603C28D161A795066B85A89 /* LaunchAtLoginManagerTests.swift */,
				3359F30EB7FC15DFC02A4D9B /* OpenClipSnippetParserTests.swift */,
				5BFF66BC8C0CB6DBE2EEC671 /* PopupPositionerTests.swift */,
				7BA7925A98746EBC6AD57A32 /* ProtocolConformanceTests.swift */,
				4E0824A74806623A75D29570 /* RemoteExtensionInstallerTests.swift */,
				92591CBEAFDE51E7D4630274 /* RevealInFinderActionTests.swift */,
				06C43223F2E4E777CC9F7673 /* RuleEngineTests.swift */,
				BA4CE0EEDB520B882DB1A0CD /* ScriptActionExecutionTests.swift */,
				EFA90E8C3C3CA2051D777A8E /* ScriptActionTests.swift */,
				AE88AFD0FAB1C8989D5CE6C6 /* SelectionCoordinatorTests.swift */,
				47E51843D196C894F4B98910 /* SettingsStoreTests.swift */,
				95F4335DD4C3C026D8A6AEBA /* TextPlaceholderEngineTests.swift */,
				49648502F040834635BBD8ED /* TextRetrieverTests.swift */,
				7E394DE9DE12EEEB992A5771 /* TransformTextActionTests.swift */,
			);
			name = OpenClipTests;
			path = Tests/OpenClipTests;
			sourceTree = "<group>";
		};
		EF8E1555F8A95342AF957780 /* AI */ = {
			isa = PBXGroup;
			children = (
				9FA55E97E43DEF1F7C6D2146 /* AIResultOverlayView.swift */,
			);
			path = AI;
			sourceTree = "<group>";
		};
/* End PBXGroup section */

/* Begin PBXNativeTarget section */
		24C19FDB2283D131CACAAF4E /* OpenClipTests */ = {
			isa = PBXNativeTarget;
			buildConfigurationList = E46C891EC045DB79E7ED8C7E /* Build configuration list for PBXNativeTarget "OpenClipTests" */;
			buildPhases = (
				37525424A1E25E4AB33596AA /* Sources */,
			);
			buildRules = (
			);
			dependencies = (
				6F3051FC6629598FE9BD277A /* PBXTargetDependency */,
			);
			name = OpenClipTests;
			packageProductDependencies = (
			);
			productName = OpenClipTests;
			productReference = 0320149D41E8A7C2D2A9DED8 /* OpenClipTests.xctest */;
			productType = "com.apple.product-type.bundle.unit-test";
		};
		84F393CB9794CD10A5608637 /* Core */ = {
			isa = PBXNativeTarget;
			buildConfigurationList = EFF49EF063732A5444612E9D /* Build configuration list for PBXNativeTarget "Core" */;
			buildPhases = (
				69577EA3C80D821A82B2B7C0 /* Sources */,
			);
			buildRules = (
			);
			dependencies = (
			);
			name = Core;
			packageProductDependencies = (
			);
			productName = Core;
			productReference = 38D9A91D8E78B77B35D10754 /* Core.framework */;
			productType = "com.apple.product-type.framework";
		};
		C4AE70D9CEE6CD32E06BBA3A /* OpenClip */ = {
			isa = PBXNativeTarget;
			buildConfigurationList = 02F237E43CE556851B1DE43E /* Build configuration list for PBXNativeTarget "OpenClip" */;
			buildPhases = (
				9941A8E31CF44B8A418D1DBD /* Sources */,
				4DA7DB766816B2210FE30651 /* Frameworks */,
				359D47B74C2AD1B3614C8A4A /* Embed Frameworks */,
			);
			buildRules = (
			);
			dependencies = (
				0B24A7D2690EC78AFA4E746B /* PBXTargetDependency */,
			);
			name = OpenClip;
			packageProductDependencies = (
				69201994E9CE6C7F2CDED2F0 /* KeyboardShortcuts */,
				03869142675321ABACC573BA /* Defaults */,
				5424DA244495CA3CE48F83B1 /* Sparkle */,
				A589B0B4E6EC4ACB11944E7D /* SDWebImageSwiftUI */,
				278D795496038DBC2C17BD98 /* SDWebImageSVGCoder */,
			);
			productName = OpenClip;
			productReference = E97352E36DEEAE5F6A6AE6F5 /* OpenClip.app */;
			productType = "com.apple.product-type.application";
		};
/* End PBXNativeTarget section */

/* Begin PBXProject section */
		A9F1087A35C227BA15E169FF /* Project object */ = {
			isa = PBXProject;
			attributes = {
				BuildIndependentTargetsInParallel = YES;
				LastUpgradeCheck = 1430;
				TargetAttributes = {
					C4AE70D9CEE6CD32E06BBA3A = {
						DevelopmentTeam = "";
						ProvisioningStyle = Automatic;
					};
				};
			};
			buildConfigurationList = A530B63D70769051A1D7DC87 /* Build configuration list for PBXProject "OpenClip" */;
			developmentRegion = en;
			hasScannedForEncodings = 0;
			knownRegions = (
				Base,
				en,
			);
			mainGroup = 64C014FFC1613806D987229B;
			minimizedProjectReferenceProxies = 1;
			packageReferences = (
				0B7156BB62A8A0C5F1CF3C71 /* XCRemoteSwiftPackageReference "Defaults" */,
				08D4D3F56FD0A85127E5EBAF /* XCRemoteSwiftPackageReference "KeyboardShortcuts" */,
				6F6B418BC685195C47AA367E /* XCRemoteSwiftPackageReference "SDWebImageSVGCoder" */,
				0BBBF5D087479FC9C36D0D54 /* XCRemoteSwiftPackageReference "SDWebImageSwiftUI" */,
				2F5F308890722E78493B7EEE /* XCRemoteSwiftPackageReference "Sparkle" */,
			);
			preferredProjectObjectVersion = 77;
			productRefGroup = C7914DC6A469A7C9C9E3D4F9 /* Products */;
			projectDirPath = "";
			projectRoot = "";
			targets = (
				84F393CB9794CD10A5608637 /* Core */,
				C4AE70D9CEE6CD32E06BBA3A /* OpenClip */,
				24C19FDB2283D131CACAAF4E /* OpenClipTests */,
			);
		};
/* End PBXProject section */

/* Begin PBXSourcesBuildPhase section */
		37525424A1E25E4AB33596AA /* Sources */ = {
			isa = PBXSourcesBuildPhase;
			buildActionMask = 2147483647;
			files = (
				8AA40165FA1BF2E026ED4C1A /* AIProviderTests.swift in Sources */,
				57A9F680F5AF294AAB1B57B9 /* ActionCoordinatorStartupTests.swift in Sources */,
				505BCF709F1851C81A35DD64 /* ActionCoordinatorTests.swift in Sources */,
				3A295F64CCDCBD5C36941B49 /* ActionCustomizationTests.swift in Sources */,
				DCDA969A1F312EEBF01E5F96 /* ActionPresentationTests.swift in Sources */,
				0532F7FF8BA7A439A30D8EA9 /* ActionRegistryTests.swift in Sources */,
				94F6165DD10ED76B25170C1C /* AppFilterTests.swift in Sources */,
				C85F042BF73B07FCBDEC234A /* BuiltinActionsTests.swift in Sources */,
				764A674CF2C3A6DECA9CE0CF /* BuiltinRegistryTests.swift in Sources */,
				B3E4DEAEC23EBE3A801E2964 /* CalculateActionTests.swift in Sources */,
				6715AE5F11FE111A1668090C /* CompletionActionTests.swift in Sources */,
				C1E4029C7E5627815F845383 /* ContextualFilteringTests.swift in Sources */,
				B35A409707F64398CD9E9805 /* CustomActionManagerTests.swift in Sources */,
				8D26F2D7A7F2388B28EF7E03 /* DeepLinkHandlerTests.swift in Sources */,
				CE759FD419A671CB23C175B8 /* DefaultActionFactoryTests.swift in Sources */,
				EB0DB3A8EC936D90D0D35D98 /* DefineActionTests.swift in Sources */,
				B4F498590B58B62BA693B72C /* ExtensionManagerTests.swift in Sources */,
				E4E9D257A248FF4238EFC61C /* ExtensionManifestTests.swift in Sources */,
				931C4F5EE750BAEDE698CEA9 /* ExtensionsAPITests.swift in Sources */,
				9B2C92B98C80BB5FCC596CC3 /* ExtensionsStoreIntegrationTests.swift in Sources */,
				F499E888422C2452E64E2F06 /* ExtensionsStoreViewTests.swift in Sources */,
				2140964D90DA799B312DED49 /* GoldenExtensionPlatformTests.swift in Sources */,
				28866ECB981E609DE49A0446 /* InstalledAppsScannerTests.swift in Sources */,
				1C03F28FAA913021C9CA39D2 /* LaunchAtLoginManagerTests.swift in Sources */,
				CB0F2118E3D0E7195D500A5D /* OpenClipSnippetParserTests.swift in Sources */,
				1DAA6E1F5849B540F57EDF56 /* PopupPositionerTests.swift in Sources */,
				E7424D17BE75365173076A09 /* ProtocolConformanceTests.swift in Sources */,
				2E0CE79B92BCBAD1F615A98E /* RemoteExtensionInstallerTests.swift in Sources */,
				470BB95C626E3041E74CA19D /* RevealInFinderActionTests.swift in Sources */,
				611F612CDB50CBDCE4916F4E /* RuleEngineTests.swift in Sources */,
				3B367A7B4C49C2F54DB9FAD4 /* ScriptActionExecutionTests.swift in Sources */,
				4737578EA3290C078B92A318 /* ScriptActionTests.swift in Sources */,
				CB381D0BCDED7C127E52985B /* SelectionCoordinatorTests.swift in Sources */,
				BAAC7407A886FC8D771D2ED6 /* SettingsStoreTests.swift in Sources */,
				9A7F163119972B733595F05C /* TextPlaceholderEngineTests.swift in Sources */,
				9495A826AD2E0BB4ED448280 /* TextRetrieverTests.swift in Sources */,
				7211AB882E1751CCA97477A1 /* TransformTextActionTests.swift in Sources */,
			);
			runOnlyForDeploymentPostprocessing = 0;
		};
		69577EA3C80D821A82B2B7C0 /* Sources */ = {
			isa = PBXSourcesBuildPhase;
			buildActionMask = 2147483647;
			files = (
				89ABDC81AD62266F49E096C4 /* Action.swift in Sources */,
				78C232BA793CCE5C409BA389 /* ActionContext.swift in Sources */,
				998433DC4517993AD4624ECF /* ActionCoordinator.swift in Sources */,
				E86C2D7468C5053D116BE999 /* ActionCustomizationManager.swift in Sources */,
				4515E812499967C26560169C /* ActionFactory.swift in Sources */,
				7E73A19CA1EFE95B45FBFCB8 /* ActionPresentation.swift in Sources */,
				1CDF0D30E4B08B90733C53D8 /* ActionRegistry.swift in Sources */,
				AEB67702CE089BAFFFB8DCB7 /* ActionResult.swift in Sources */,
				E27BC38183CE54F6073EC02F /* AppFilter.swift in Sources */,
				8DFC838BDE16FA27F0C19FBB /* AppIdentifying.swift in Sources */,
				B776223E716B18F4F53A4D3F /* AppRule.swift in Sources */,
				EBBDD5144B39E9622CA4F910 /* BuiltinRegistry.swift in Sources */,
				589E69527B1AD912FFEF303B /* CalculateAction.swift in Sources */,
				998C035B69CC6C290A1403CE /* CalendarAction.swift in Sources */,
				F771AE634BA65CAA36353E65 /* ConfigurableAction.swift in Sources */,
				AA4C8F95DCFD439591C9FA05 /* Constants.swift in Sources */,
				3D24BB72EB42ACBAB7B26FC9 /* CopyAction.swift in Sources */,
				5DA0AEF4E0DB181460C32C7E /* Core.swift in Sources */,
				016ACDECE2BC05DB5A380F65 /* CustomAction.swift in Sources */,
				A4AA5D75C5B376BBCE5B9463 /* CustomActionManager.swift in Sources */,
				4AB80D47D3E30B72061B9910 /* CutAction.swift in Sources */,
				6EC03FC169D6016DF45D4632 /* DefineAction.swift in Sources */,
				6BDAAEBA357BE286266250A6 /* ExtensionManager.swift in Sources */,
				4F04EDDEE2B8E5135E1E9B5B /* ExtensionOption.swift in Sources */,
				714F641630B8C17979890D5C /* ExtensionsAPIClient.swift in Sources */,
				8A76237BE8A09680AB8B3350 /* ExtensionsModels.swift in Sources */,
				DEEE0BCFD9DB9C3754D01774 /* ModifierFlags.swift in Sources */,
				9A5AB557F078A06A470B696F /* OpenClipSnippetParser.swift in Sources */,
				49C06EBA5B3FD035E51BA83A /* PasteAction.swift in Sources */,
				02AF81963047538ADE0363F5 /* RuleEngine.swift in Sources */,
				386E98180E02243B9DE6B5CA /* ScriptAction.swift in Sources */,
				7CDDEAAD6790A7471D61A940 /* SearchAction.swift in Sources */,
				EBE9FB46AD56F10020544D24 /* SelectionContext.swift in Sources */,
				FF8AD26267B32EC6ACC97100 /* SelectionCoordinator.swift in Sources */,
				C02DCB05C24F9A9EFA004B12 /* SelectionMonitoring.swift in Sources */,
				AE8C8312A2C5B67FCF938E4E /* SettingKey.swift in Sources */,
				381B3E25D7CE700224F1E649 /* SettingsStore.swift in Sources */,
				1FA8CFA55755A2903AE4D934 /* TextPlaceholderEngine.swift in Sources */,
				76E559C066D1B00D899DB613 /* TextRetrieving.swift in Sources */,
				5B3D22D12FA0D7261EA4F942 /* TransformTextAction.swift in Sources */,
				62694BC577DF6210819143D5 /* URLTemplateAction.swift in Sources */,
				330E6AC76C1203C9E55305DA /* WordCompletionProviding.swift in Sources */,
			);
			runOnlyForDeploymentPostprocessing = 0;
		};
		9941A8E31CF44B8A418D1DBD /* Sources */ = {
			isa = PBXSourcesBuildPhase;
			buildActionMask = 2147483647;
			files = (
				C25FB276103A8CB85C7D2AE7 /* AIProvider.swift in Sources */,
				172EA9C4710FA618D5679485 /* AIResultOverlayView.swift in Sources */,
				05A18C707EEB8A5776CC438E /* AIServiceManager.swift in Sources */,
				58BE8C7D2BB07D46627FA771 /* AITab.swift in Sources */,
				8D96F0F84D1CFC88E268B2AA /* ActionAppearanceFields.swift in Sources */,
				674832EDE560880B1B283FC7 /* ActionConfigSheet.swift in Sources */,
				6A92D05EC5B07D80B3C833C3 /* ActionIconView.swift in Sources */,
				482FF0F2EAC56B62831A0106 /* AddCustomActionSheet.swift in Sources */,
				84EF2405B8FF3B97D76C6F43 /* AppDelegate.swift in Sources */,
				0AC19FB1B891B14A5D9D2ABD /* AppIdentifying+NSRunningApplication.swift in Sources */,
				95F5993F59A6F0FED10CD268 /* AppPickerSheet.swift in Sources */,
				7265AF347B73B7E61A597E30 /* AppRulesTab.swift in Sources */,
				7EDDECF89D21D258E5A00C01 /* AppleIntelligenceProvider.swift in Sources */,
				2116EFB8D2B6EBA137F5193B /* AppleScriptAction.swift in Sources */,
				116E1189C24B6BA4A4BEF8B0 /* BrowserRedirectProvider.swift in Sources */,
				852D201010BC7079F239A3E2 /* CloudAPIProvider.swift in Sources */,
				3165370D30624071D8F6E1A4 /* CompletionAction.swift in Sources */,
				9582FE0FF3EC9B0A9756B790 /* DefaultActionFactory.swift in Sources */,
				A4B07F7C0AA32D61F32510D5 /* DynamicActionConfigView.swift in Sources */,
				1D0D54B9C418294BBBFE4941 /* EditActionSheet.swift in Sources */,
				1302C89033CA876F66631A4B /* ExtensionsStoreView.swift in Sources */,
				BE8920F343B5FC0801C79310 /* HotkeyManager.swift in Sources */,
				DCC694DC2D481C35063D62B4 /* IconPickerView.swift in Sources */,
				E61E4C2DC3230E70EA105D27 /* InstalledAppsScanner.swift in Sources */,
				906E3948E1B975EE9BDA5AF3 /* JavaScriptAction.swift in Sources */,
				DF8D4D6ADC91E929BB3F3920 /* LaunchAtLoginManager.swift in Sources */,
				09A58930CFE1B6C771AAF8D4 /* MacSelectionMonitor.swift in Sources */,
				84A19D69965D8FE1825442E5 /* MacTextRetriever.swift in Sources */,
				F9BF36325EE43D2E470B7019 /* OllamaProvider.swift in Sources */,
				3CFA6606D2D7ADE239AC70D8 /* OnboardingView.swift in Sources */,
				FF465DCBAE09757549C4A37B /* OnboardingWindowController.swift in Sources */,
				E08C252C9ADA79A930825C1E /* OpenClipApp.swift in Sources */,
				6B6EB24072E6FDB50051E1F5 /* OpenClipSnippetParser+DefaultFactory.swift in Sources */,
				E349DDD966C6A17A8B49DAAA /* OpenURLAction.swift in Sources */,
				24ABC449CE3810541D898C48 /* PermissionManager.swift in Sources */,
				3632D42098C565F062A379E2 /* PopupPanel.swift in Sources */,
				850F4271977FEE58D8FA55ED /* PopupPositioner.swift in Sources */,
				0ABD4746A74B3657C3550DCE /* PopupView.swift in Sources */,
				7E44D09AC94810898D6E5D1D /* PopupWindowController.swift in Sources */,
				FAE8B480FE55D8C3ACC20A29 /* PreferencesView.swift in Sources */,
				7AC316FB783A7E96C716DE2F /* RemoteExtensionInstaller.swift in Sources */,
				FACD7D36C9F9D59E235C615A /* RevealInFinderAction.swift in Sources */,
				8A479517E13803DE07593C74 /* ServicesAction.swift in Sources */,
				4C5773E0C53E2A28F2664CD5 /* StatusBarController.swift in Sources */,
				94B3C1F1B49D3696A9059021 /* UnifiedIconProvider.swift in Sources */,
			);
			runOnlyForDeploymentPostprocessing = 0;
		};
/* End PBXSourcesBuildPhase section */

/* Begin PBXTargetDependency section */
		0B24A7D2690EC78AFA4E746B /* PBXTargetDependency */ = {
			isa = PBXTargetDependency;
			target = 84F393CB9794CD10A5608637 /* Core */;
			targetProxy = 30CF9143C3AF6CFF58E3B509 /* PBXContainerItemProxy */;
		};
		6F3051FC6629598FE9BD277A /* PBXTargetDependency */ = {
			isa = PBXTargetDependency;
			target = C4AE70D9CEE6CD32E06BBA3A /* OpenClip */;
			targetProxy = 08799C0A2A45C6AE34AD5936 /* PBXContainerItemProxy */;
		};
/* End PBXTargetDependency section */

/* Begin XCBuildConfiguration section */
		1EDC80E031F2407FC7DB058B /* Release */ = {
			isa = XCBuildConfiguration;
			buildSettings = {
				CODE_SIGN_IDENTITY = "";
				COMBINE_HIDPI_IMAGES = YES;
				CURRENT_PROJECT_VERSION = 1;
				DEFINES_MODULE = YES;
				DYLIB_COMPATIBILITY_VERSION = 1;
				DYLIB_CURRENT_VERSION = 1;
				DYLIB_INSTALL_NAME_BASE = "@rpath";
				GENERATE_INFOPLIST_FILE = YES;
				INSTALL_PATH = "$(LOCAL_LIBRARY_DIR)/Frameworks";
				LD_RUNPATH_SEARCH_PATHS = (
					"$(inherited)",
					"@executable_path/../Frameworks",
				);
				MACOSX_DEPLOYMENT_TARGET = 14.0;
				PRODUCT_BUNDLE_IDENTIFIER = com.openclip.Core;
				SDKROOT = macosx;
				SKIP_INSTALL = YES;
				SWIFT_STRICT_CONCURRENCY = complete;
				SWIFT_VERSION = 6.0;
				VERSIONING_SYSTEM = "apple-generic";
			};
			name = Release;
		};
		2D059041E32371419F8D8228 /* Debug */ = {
			isa = XCBuildConfiguration;
			buildSettings = {
				ASSETCATALOG_COMPILER_APPICON_NAME = AppIcon;
				CODE_SIGN_IDENTITY = "-";
				CODE_SIGN_STYLE = Automatic;
				COMBINE_HIDPI_IMAGES = YES;
				DEVELOPMENT_TEAM = "";
				ENABLE_HARDENED_RUNTIME = YES;
				GENERATE_INFOPLIST_FILE = YES;
				INFOPLIST_FILE = Sources/OpenClip/Info.plist;
				LD_RUNPATH_SEARCH_PATHS = (
					"$(inherited)",
					"@executable_path/../Frameworks",
				);
				MACOSX_DEPLOYMENT_TARGET = 14.0;
				PRODUCT_BUNDLE_IDENTIFIER = com.openclip.OpenClip;
				SDKROOT = macosx;
				SWIFT_STRICT_CONCURRENCY = complete;
				SWIFT_VERSION = 6.0;
			};
			name = Debug;
		};
		4A80B607972D0EB1F2633333 /* Release */ = {
			isa = XCBuildConfiguration;
			buildSettings = {
				ASSETCATALOG_COMPILER_APPICON_NAME = AppIcon;
				CODE_SIGN_IDENTITY = "-";
				CODE_SIGN_STYLE = Automatic;
				COMBINE_HIDPI_IMAGES = YES;
				DEVELOPMENT_TEAM = "";
				ENABLE_HARDENED_RUNTIME = YES;
				GENERATE_INFOPLIST_FILE = YES;
				INFOPLIST_FILE = Sources/OpenClip/Info.plist;
				LD_RUNPATH_SEARCH_PATHS = (
					"$(inherited)",
					"@executable_path/../Frameworks",
				);
				MACOSX_DEPLOYMENT_TARGET = 14.0;
				PRODUCT_BUNDLE_IDENTIFIER = com.openclip.OpenClip;
				SDKROOT = macosx;
				SWIFT_STRICT_CONCURRENCY = complete;
				SWIFT_VERSION = 6.0;
			};
			name = Release;
		};
		535ADF5904D887C7331C222E /* Debug */ = {
			isa = XCBuildConfiguration;
			buildSettings = {
				CODE_SIGN_IDENTITY = "";
				COMBINE_HIDPI_IMAGES = YES;
				CURRENT_PROJECT_VERSION = 1;
				DEFINES_MODULE = YES;
				DYLIB_COMPATIBILITY_VERSION = 1;
				DYLIB_CURRENT_VERSION = 1;
				DYLIB_INSTALL_NAME_BASE = "@rpath";
				GENERATE_INFOPLIST_FILE = YES;
				INSTALL_PATH = "$(LOCAL_LIBRARY_DIR)/Frameworks";
				LD_RUNPATH_SEARCH_PATHS = (
					"$(inherited)",
					"@executable_path/../Frameworks",
				);
				MACOSX_DEPLOYMENT_TARGET = 14.0;
				PRODUCT_BUNDLE_IDENTIFIER = com.openclip.Core;
				SDKROOT = macosx;
				SKIP_INSTALL = YES;
				SWIFT_STRICT_CONCURRENCY = complete;
				SWIFT_VERSION = 6.0;
				VERSIONING_SYSTEM = "apple-generic";
			};
			name = Debug;
		};
		86D9D75FE01E0AE4933C8C2E /* Release */ = {
			isa = XCBuildConfiguration;
			buildSettings = {
				ALWAYS_SEARCH_USER_PATHS = NO;
				CLANG_ANALYZER_NONNULL = YES;
				CLANG_ANALYZER_NUMBER_OBJECT_CONVERSION = YES_AGGRESSIVE;
				CLANG_CXX_LANGUAGE_STANDARD = "gnu++14";
				CLANG_CXX_LIBRARY = "libc++";
				CLANG_ENABLE_MODULES = YES;
				CLANG_ENABLE_OBJC_ARC = YES;
				CLANG_ENABLE_OBJC_WEAK = YES;
				CLANG_WARN_BLOCK_CAPTURE_AUTORELEASING = YES;
				CLANG_WARN_BOOL_CONVERSION = YES;
				CLANG_WARN_COMMA = YES;
				CLANG_WARN_CONSTANT_CONVERSION = YES;
				CLANG_WARN_DEPRECATED_OBJC_IMPLEMENTATIONS = YES;
				CLANG_WARN_DIRECT_OBJC_ISA_USAGE = YES_ERROR;
				CLANG_WARN_DOCUMENTATION_COMMENTS = YES;
				CLANG_WARN_EMPTY_BODY = YES;
				CLANG_WARN_ENUM_CONVERSION = YES;
				CLANG_WARN_INFINITE_RECURSION = YES;
				CLANG_WARN_INT_CONVERSION = YES;
				CLANG_WARN_NON_LITERAL_NULL_CONVERSION = YES;
				CLANG_WARN_OBJC_IMPLICIT_RETAIN_SELF = YES;
				CLANG_WARN_OBJC_LITERAL_CONVERSION = YES;
				CLANG_WARN_OBJC_ROOT_CLASS = YES_ERROR;
				CLANG_WARN_QUOTED_INCLUDE_IN_FRAMEWORK_HEADER = YES;
				CLANG_WARN_RANGE_LOOP_ANALYSIS = YES;
				CLANG_WARN_STRICT_PROTOTYPES = YES;
				CLANG_WARN_SUSPICIOUS_MOVE = YES;
				CLANG_WARN_UNGUARDED_AVAILABILITY = YES_AGGRESSIVE;
				CLANG_WARN_UNREACHABLE_CODE = YES;
				CLANG_WARN__DUPLICATE_METHOD_MATCH = YES;
				COPY_PHASE_STRIP = NO;
				DEBUG_INFORMATION_FORMAT = "dwarf-with-dsym";
				ENABLE_NS_ASSERTIONS = NO;
				ENABLE_STRICT_OBJC_MSGSEND = YES;
				GCC_C_LANGUAGE_STANDARD = gnu11;
				GCC_NO_COMMON_BLOCKS = YES;
				GCC_WARN_64_TO_32_BIT_CONVERSION = YES;
				GCC_WARN_ABOUT_RETURN_TYPE = YES_ERROR;
				GCC_WARN_UNDECLARED_SELECTOR = YES;
				GCC_WARN_UNINITIALIZED_AUTOS = YES_AGGRESSIVE;
				GCC_WARN_UNUSED_FUNCTION = YES;
				GCC_WARN_UNUSED_VARIABLE = YES;
				MTL_ENABLE_DEBUG_INFO = NO;
				MTL_FAST_MATH = YES;
				PRODUCT_NAME = "$(TARGET_NAME)";
				SDKROOT = macosx;
				SWIFT_COMPILATION_MODE = wholemodule;
				SWIFT_OPTIMIZATION_LEVEL = "-O";
				SWIFT_VERSION = 5.0;
			};
			name = Release;
		};
		9FB84E2E9F1FD7237FE9BA98 /* Debug */ = {
			isa = XCBuildConfiguration;
			buildSettings = {
				ALWAYS_SEARCH_USER_PATHS = NO;
				CLANG_ANALYZER_NONNULL = YES;
				CLANG_ANALYZER_NUMBER_OBJECT_CONVERSION = YES_AGGRESSIVE;
				CLANG_CXX_LANGUAGE_STANDARD = "gnu++14";
				CLANG_CXX_LIBRARY = "libc++";
				CLANG_ENABLE_MODULES = YES;
				CLANG_ENABLE_OBJC_ARC = YES;
				CLANG_ENABLE_OBJC_WEAK = YES;
				CLANG_WARN_BLOCK_CAPTURE_AUTORELEASING = YES;
				CLANG_WARN_BOOL_CONVERSION = YES;
				CLANG_WARN_COMMA = YES;
				CLANG_WARN_CONSTANT_CONVERSION = YES;
				CLANG_WARN_DEPRECATED_OBJC_IMPLEMENTATIONS = YES;
				CLANG_WARN_DIRECT_OBJC_ISA_USAGE = YES_ERROR;
				CLANG_WARN_DOCUMENTATION_COMMENTS = YES;
				CLANG_WARN_EMPTY_BODY = YES;
				CLANG_WARN_ENUM_CONVERSION = YES;
				CLANG_WARN_INFINITE_RECURSION = YES;
				CLANG_WARN_INT_CONVERSION = YES;
				CLANG_WARN_NON_LITERAL_NULL_CONVERSION = YES;
				CLANG_WARN_OBJC_IMPLICIT_RETAIN_SELF = YES;
				CLANG_WARN_OBJC_LITERAL_CONVERSION = YES;
				CLANG_WARN_OBJC_ROOT_CLASS = YES_ERROR;
				CLANG_WARN_QUOTED_INCLUDE_IN_FRAMEWORK_HEADER = YES;
				CLANG_WARN_RANGE_LOOP_ANALYSIS = YES;
				CLANG_WARN_STRICT_PROTOTYPES = YES;
				CLANG_WARN_SUSPICIOUS_MOVE = YES;
				CLANG_WARN_UNGUARDED_AVAILABILITY = YES_AGGRESSIVE;
				CLANG_WARN_UNREACHABLE_CODE = YES;
				CLANG_WARN__DUPLICATE_METHOD_MATCH = YES;
				COPY_PHASE_STRIP = NO;
				DEBUG_INFORMATION_FORMAT = dwarf;
				ENABLE_STRICT_OBJC_MSGSEND = YES;
				ENABLE_TESTABILITY = YES;
				GCC_C_LANGUAGE_STANDARD = gnu11;
				GCC_DYNAMIC_NO_PIC = NO;
				GCC_NO_COMMON_BLOCKS = YES;
				GCC_OPTIMIZATION_LEVEL = 0;
				GCC_PREPROCESSOR_DEFINITIONS = (
					"$(inherited)",
					"DEBUG=1",
				);
				GCC_WARN_64_TO_32_BIT_CONVERSION = YES;
				GCC_WARN_ABOUT_RETURN_TYPE = YES_ERROR;
				GCC_WARN_UNDECLARED_SELECTOR = YES;
				GCC_WARN_UNINITIALIZED_AUTOS = YES_AGGRESSIVE;
				GCC_WARN_UNUSED_FUNCTION = YES;
				GCC_WARN_UNUSED_VARIABLE = YES;
				MTL_ENABLE_DEBUG_INFO = INCLUDE_SOURCE;
				MTL_FAST_MATH = YES;
				ONLY_ACTIVE_ARCH = YES;
				PRODUCT_NAME = "$(TARGET_NAME)";
				SDKROOT = macosx;
				SWIFT_ACTIVE_COMPILATION_CONDITIONS = DEBUG;
				SWIFT_OPTIMIZATION_LEVEL = "-Onone";
				SWIFT_VERSION = 5.0;
			};
			name = Debug;
		};
		B55255D54005654C35D598F9 /* Release */ = {
			isa = XCBuildConfiguration;
			buildSettings = {
				BUNDLE_LOADER = "$(TEST_HOST)";
				COMBINE_HIDPI_IMAGES = YES;
				GENERATE_INFOPLIST_FILE = YES;
				LD_RUNPATH_SEARCH_PATHS = (
					"$(inherited)",
					"@executable_path/../Frameworks",
					"@loader_path/../Frameworks",
				);
				MACOSX_DEPLOYMENT_TARGET = 14.0;
				PRODUCT_BUNDLE_IDENTIFIER = com.openclip.OpenClipTests;
				SDKROOT = macosx;
				SWIFT_STRICT_CONCURRENCY = complete;
				SWIFT_VERSION = 6.0;
				TEST_HOST = "$(BUILT_PRODUCTS_DIR)/OpenClip.app/Contents/MacOS/OpenClip";
			};
			name = Release;
		};
		EE4AA1B7D31F397E1E7B32E4 /* Debug */ = {
			isa = XCBuildConfiguration;
			buildSettings = {
				BUNDLE_LOADER = "$(TEST_HOST)";
				COMBINE_HIDPI_IMAGES = YES;
				GENERATE_INFOPLIST_FILE = YES;
				LD_RUNPATH_SEARCH_PATHS = (
					"$(inherited)",
					"@executable_path/../Frameworks",
					"@loader_path/../Frameworks",
				);
				MACOSX_DEPLOYMENT_TARGET = 14.0;
				PRODUCT_BUNDLE_IDENTIFIER = com.openclip.OpenClipTests;
				SDKROOT = macosx;
				SWIFT_STRICT_CONCURRENCY = complete;
				SWIFT_VERSION = 6.0;
				TEST_HOST = "$(BUILT_PRODUCTS_DIR)/OpenClip.app/Contents/MacOS/OpenClip";
			};
			name = Debug;
		};
/* End XCBuildConfiguration section */

/* Begin XCConfigurationList section */
		02F237E43CE556851B1DE43E /* Build configuration list for PBXNativeTarget "OpenClip" */ = {
			isa = XCConfigurationList;
			buildConfigurations = (
				2D059041E32371419F8D8228 /* Debug */,
				4A80B607972D0EB1F2633333 /* Release */,
			);
			defaultConfigurationIsVisible = 0;
			defaultConfigurationName = Debug;
		};
		A530B63D70769051A1D7DC87 /* Build configuration list for PBXProject "OpenClip" */ = {
			isa = XCConfigurationList;
			buildConfigurations = (
				9FB84E2E9F1FD7237FE9BA98 /* Debug */,
				86D9D75FE01E0AE4933C8C2E /* Release */,
			);
			defaultConfigurationIsVisible = 0;
			defaultConfigurationName = Debug;
		};
		E46C891EC045DB79E7ED8C7E /* Build configuration list for PBXNativeTarget "OpenClipTests" */ = {
			isa = XCConfigurationList;
			buildConfigurations = (
				EE4AA1B7D31F397E1E7B32E4 /* Debug */,
				B55255D54005654C35D598F9 /* Release */,
			);
			defaultConfigurationIsVisible = 0;
			defaultConfigurationName = Debug;
		};
		EFF49EF063732A5444612E9D /* Build configuration list for PBXNativeTarget "Core" */ = {
			isa = XCConfigurationList;
			buildConfigurations = (
				535ADF5904D887C7331C222E /* Debug */,
				1EDC80E031F2407FC7DB058B /* Release */,
			);
			defaultConfigurationIsVisible = 0;
			defaultConfigurationName = Debug;
		};
/* End XCConfigurationList section */

/* Begin XCRemoteSwiftPackageReference section */
		08D4D3F56FD0A85127E5EBAF /* XCRemoteSwiftPackageReference "KeyboardShortcuts" */ = {
			isa = XCRemoteSwiftPackageReference;
			repositoryURL = "https://github.com/sindresorhus/KeyboardShortcuts";
			requirement = {
				kind = upToNextMajorVersion;
				minimumVersion = 2.0.0;
			};
		};
		0B7156BB62A8A0C5F1CF3C71 /* XCRemoteSwiftPackageReference "Defaults" */ = {
			isa = XCRemoteSwiftPackageReference;
			repositoryURL = "https://github.com/sindresorhus/Defaults";
			requirement = {
				kind = upToNextMajorVersion;
				minimumVersion = 8.0.0;
			};
		};
		0BBBF5D087479FC9C36D0D54 /* XCRemoteSwiftPackageReference "SDWebImageSwiftUI" */ = {
			isa = XCRemoteSwiftPackageReference;
			repositoryURL = "https://github.com/SDWebImage/SDWebImageSwiftUI";
			requirement = {
				kind = upToNextMajorVersion;
				minimumVersion = 3.0.0;
			};
		};
		2F5F308890722E78493B7EEE /* XCRemoteSwiftPackageReference "Sparkle" */ = {
			isa = XCRemoteSwiftPackageReference;
			repositoryURL = "https://github.com/sparkle-project/Sparkle";
			requirement = {
				kind = upToNextMajorVersion;
				minimumVersion = 2.0.0;
			};
		};
		6F6B418BC685195C47AA367E /* XCRemoteSwiftPackageReference "SDWebImageSVGCoder" */ = {
			isa = XCRemoteSwiftPackageReference;
			repositoryURL = "https://github.com/SDWebImage/SDWebImageSVGCoder";
			requirement = {
				kind = upToNextMajorVersion;
				minimumVersion = 1.7.0;
			};
		};
/* End XCRemoteSwiftPackageReference section */

/* Begin XCSwiftPackageProductDependency section */
		03869142675321ABACC573BA /* Defaults */ = {
			isa = XCSwiftPackageProductDependency;
			package = 0B7156BB62A8A0C5F1CF3C71 /* XCRemoteSwiftPackageReference "Defaults" */;
			productName = Defaults;
		};
		278D795496038DBC2C17BD98 /* SDWebImageSVGCoder */ = {
			isa = XCSwiftPackageProductDependency;
			package = 6F6B418BC685195C47AA367E /* XCRemoteSwiftPackageReference "SDWebImageSVGCoder" */;
			productName = SDWebImageSVGCoder;
		};
		5424DA244495CA3CE48F83B1 /* Sparkle */ = {
			isa = XCSwiftPackageProductDependency;
			package = 2F5F308890722E78493B7EEE /* XCRemoteSwiftPackageReference "Sparkle" */;
			productName = Sparkle;
		};
		69201994E9CE6C7F2CDED2F0 /* KeyboardShortcuts */ = {
			isa = XCSwiftPackageProductDependency;
			package = 08D4D3F56FD0A85127E5EBAF /* XCRemoteSwiftPackageReference "KeyboardShortcuts" */;
			productName = KeyboardShortcuts;
		};
		A589B0B4E6EC4ACB11944E7D /* SDWebImageSwiftUI */ = {
			isa = XCSwiftPackageProductDependency;
			package = 0BBBF5D087479FC9C36D0D54 /* XCRemoteSwiftPackageReference "SDWebImageSwiftUI" */;
			productName = SDWebImageSwiftUI;
		};
/* End XCSwiftPackageProductDependency section */
	};
	rootObject = A9F1087A35C227BA15E169FF /* Project object */;
}
