// !$*UTF8*$!
{
	archiveVersion = 1;
	classes = {
	};
	objectVersion = 77;
	objects = {

/* Begin PBXBuildFile section */
		0532F7FF8BA7A439A30D8EA9 /* ActionRegistryTests.swift in Sources */ = {isa = PBXBuildFile; fileRef = 1E86D685379782075566534F /* ActionRegistryTests.swift */; };
		09A58930CFE1B6C771AAF8D4 /* MacSelectionMonitor.swift in Sources */ = {isa = PBXBuildFile; fileRef = 6129D3E6F351430FA57265B6 /* MacSelectionMonitor.swift */; };
		0ABD4746A74B3657C3550DCE /* PopupView.swift in Sources */ = {isa = PBXBuildFile; fileRef = F42C959E23FBB018FD815BBD /* PopupView.swift */; };
		0AC19FB1B891B14A5D9D2ABD /* AppIdentifying+NSRunningApplication.swift in Sources */ = {isa = PBXBuildFile; fileRef = BCD2E8E311CD870FA0E955A9 /* AppIdentifying+NSRunningApplication.swift */; };
		14E505797521DAC3BA557D4F /* CutAction.swift in Sources */ = {isa = PBXBuildFile; fileRef = 9278C0E7FC7AE0207D019D4C /* CutAction.swift */; };
		1A92B6897F7D9221305370A4 /* Core.framework in Frameworks */ = {isa = PBXBuildFile; fileRef = 38D9A91D8E78B77B35D10754 /* Core.framework */; };
		1CDF0D30E4B08B90733C53D8 /* ActionRegistry.swift in Sources */ = {isa = PBXBuildFile; fileRef = 1AF0F3CA2EF364269DB523FD /* ActionRegistry.swift */; };
		1DAA6E1F5849B540F57EDF56 /* PopupPositionerTests.swift in Sources */ = {isa = PBXBuildFile; fileRef = 5BFF66BC8C0CB6DBE2EEC671 /* PopupPositionerTests.swift */; };
		2D5A6C0BC066105BCD180A11 /* Sparkle in Frameworks */ = {isa = PBXBuildFile; productRef = 5424DA244495CA3CE48F83B1 /* Sparkle */; };
		3632D42098C565F062A379E2 /* PopupPanel.swift in Sources */ = {isa = PBXBuildFile; fileRef = 087F3A6593D8726BD84CF1F1 /* PopupPanel.swift */; };
		37606174465EF5FF5CE918E3 /* Core.framework in Embed Frameworks */ = {isa = PBXBuildFile; fileRef = 38D9A91D8E78B77B35D10754 /* Core.framework */; settings = {ATTRIBUTES = (CodeSignOnCopy, RemoveHeadersOnCopy, ); }; };
		386E98180E02243B9DE6B5CA /* ScriptAction.swift in Sources */ = {isa = PBXBuildFile; fileRef = 2F9C20B7C7D633121BA39CDA /* ScriptAction.swift */; };
		43881285B124F36378C59E74 /* PasteAction.swift in Sources */ = {isa = PBXBuildFile; fileRef = 10D1A3077D5453084F547E86 /* PasteAction.swift */; };
		4737578EA3290C078B92A318 /* ScriptActionTests.swift in Sources */ = {isa = PBXBuildFile; fileRef = EFA90E8C3C3CA2051D777A8E /* ScriptActionTests.swift */; };
		4C5773E0C53E2A28F2664CD5 /* StatusBarController.swift in Sources */ = {isa = PBXBuildFile; fileRef = 0F3B8C9AB19BEC2ACF890FEB /* StatusBarController.swift */; };
		525E21DA64B3EB439A493E1C /* Defaults in Frameworks */ = {isa = PBXBuildFile; productRef = 03869142675321ABACC573BA /* Defaults */; };
		5DA0AEF4E0DB181460C32C7E /* Core.swift in Sources */ = {isa = PBXBuildFile; fileRef = 4C75D3BF228023DEA93C5D3D /* Core.swift */; };
		6BDAAEBA357BE286266250A6 /* ExtensionManager.swift in Sources */ = {isa = PBXBuildFile; fileRef = 336067B05C52B87CD8C9DA9F /* ExtensionManager.swift */; };
		76E559C066D1B00D899DB613 /* TextRetrieving.swift in Sources */ = {isa = PBXBuildFile; fileRef = A4569F410A617490B0538051 /* TextRetrieving.swift */; };
		78C232BA793CCE5C409BA389 /* ActionContext.swift in Sources */ = {isa = PBXBuildFile; fileRef = 940F1D0FB3BA50C10CCEBCDF /* ActionContext.swift */; };
		7E44D09AC94810898D6E5D1D /* PopupWindowController.swift in Sources */ = {isa = PBXBuildFile; fileRef = BB70FC227E05CD8269458C89 /* PopupWindowController.swift */; };
		84A19D69965D8FE1825442E5 /* MacTextRetriever.swift in Sources */ = {isa = PBXBuildFile; fileRef = 1B1ED5E66BD010DECBA31B69 /* MacTextRetriever.swift */; };
		84EF2405B8FF3B97D76C6F43 /* AppDelegate.swift in Sources */ = {isa = PBXBuildFile; fileRef = 287DF09DC26BE3ACE16F3B53 /* AppDelegate.swift */; };
		850F4271977FEE58D8FA55ED /* PopupPositioner.swift in Sources */ = {isa = PBXBuildFile; fileRef = B8D913A22565F43A04740AEB /* PopupPositioner.swift */; };
		89ABDC81AD62266F49E096C4 /* Action.swift in Sources */ = {isa = PBXBuildFile; fileRef = 14E8C5B2AC7501048B10F0D1 /* Action.swift */; };
		8A479517E13803DE07593C74 /* ServicesAction.swift in Sources */ = {isa = PBXBuildFile; fileRef = 738CD300B1AEB0E382F8435B /* ServicesAction.swift */; };
		8DFC838BDE16FA27F0C19FBB /* AppIdentifying.swift in Sources */ = {isa = PBXBuildFile; fileRef = 556EAA8E99BA35061EE49D9F /* AppIdentifying.swift */; };
		9495A826AD2E0BB4ED448280 /* TextRetrieverTests.swift in Sources */ = {isa = PBXBuildFile; fileRef = 49648502F040834635BBD8ED /* TextRetrieverTests.swift */; };
		94F6165DD10ED76B25170C1C /* AppFilterTests.swift in Sources */ = {isa = PBXBuildFile; fileRef = AF5D851B09CA25A4A497F0C7 /* AppFilterTests.swift */; };
		AA4C8F95DCFD439591C9FA05 /* Constants.swift in Sources */ = {isa = PBXBuildFile; fileRef = 17E803385A2D8E9D1D257F00 /* Constants.swift */; };
		AEB67702CE089BAFFFB8DCB7 /* ActionResult.swift in Sources */ = {isa = PBXBuildFile; fileRef = E54AEEA54ADE3106E777F448 /* ActionResult.swift */; };
		AEED9FFA7F37289E7370BAE2 /* CopyAction.swift in Sources */ = {isa = PBXBuildFile; fileRef = 1D9F5AA6B27AB8286C3FEEEE /* CopyAction.swift */; };
		B4F498590B58B62BA693B72C /* ExtensionManagerTests.swift in Sources */ = {isa = PBXBuildFile; fileRef = D33B3004A90DD3BE1E64DD30 /* ExtensionManagerTests.swift */; };
		C02DCB05C24F9A9EFA004B12 /* SelectionMonitoring.swift in Sources */ = {isa = PBXBuildFile; fileRef = DECAB4B5213F632283318CD6 /* SelectionMonitoring.swift */; };
		C54EA6972708DC6B6083AF66 /* KeyboardShortcuts in Frameworks */ = {isa = PBXBuildFile; productRef = 69201994E9CE6C7F2CDED2F0 /* KeyboardShortcuts */; };
		C85F042BF73B07FCBDEC234A /* BuiltinActionsTests.swift in Sources */ = {isa = PBXBuildFile; fileRef = A4F2434073F85AB2FC61E746 /* BuiltinActionsTests.swift */; };
		DEEE0BCFD9DB9C3754D01774 /* ModifierFlags.swift in Sources */ = {isa = PBXBuildFile; fileRef = 0F4DAB73B13C780B669746CE /* ModifierFlags.swift */; };
		E08C252C9ADA79A930825C1E /* OpenClipApp.swift in Sources */ = {isa = PBXBuildFile; fileRef = 871B6048B7968E61FCB53537 /* OpenClipApp.swift */; };
		E27BC38183CE54F6073EC02F /* AppFilter.swift in Sources */ = {isa = PBXBuildFile; fileRef = 750ADA88A976EEF10B2481E2 /* AppFilter.swift */; };
		E349DDD966C6A17A8B49DAAA /* OpenURLAction.swift in Sources */ = {isa = PBXBuildFile; fileRef = C5D1E29A447351B335A4C2A4 /* OpenURLAction.swift */; };
		EBE9FB46AD56F10020544D24 /* SelectionContext.swift in Sources */ = {isa = PBXBuildFile; fileRef = 8F741E6F7B6D8F5B61A13F0F /* SelectionContext.swift */; };
		EE15C0E489F615AFDD1CEC8C /* SearchAction.swift in Sources */ = {isa = PBXBuildFile; fileRef = 0801E011A5F52152A860E9FE /* SearchAction.swift */; };
/* End PBXBuildFile section */

/* Begin PBXContainerItemProxy section */
		08799C0A2A45C6AE34AD5936 /* PBXContainerItemProxy */ = {
			isa = PBXContainerItemProxy;
			containerPortal = A9F1087A35C227BA15E169FF /* Project object */;
			proxyType = 1;
			remoteGlobalIDString = C4AE70D9CEE6CD32E06BBA3A;
			remoteInfo = OpenClip;
		};
		30CF9143C3AF6CFF58E3B509 /* PBXContainerItemProxy */ = {
			isa = PBXContainerItemProxy;
			containerPortal = A9F1087A35C227BA15E169FF /* Project object */;
			proxyType = 1;
			remoteGlobalIDString = 84F393CB9794CD10A5608637;
			remoteInfo = Core;
		};
/* End PBXContainerItemProxy section */

/* Begin PBXCopyFilesBuildPhase section */
		359D47B74C2AD1B3614C8A4A /* Embed Frameworks */ = {
			isa = PBXCopyFilesBuildPhase;
			buildActionMask = 2147483647;
			dstPath = "";
			dstSubfolderSpec = 10;
			files = (
				37606174465EF5FF5CE918E3 /* Core.framework in Embed Frameworks */,
			);
			name = "Embed Frameworks";
			runOnlyForDeploymentPostprocessing = 0;
		};
/* End PBXCopyFilesBuildPhase section */

/* Begin PBXFileReference section */
		0320149D41E8A7C2D2A9DED8 /* OpenClipTests.xctest */ = {isa = PBXFileReference; explicitFileType = wrapper.cfbundle; includeInIndex = 0; path = OpenClipTests.xctest; sourceTree = BUILT_PRODUCTS_DIR; };
		0801E011A5F52152A860E9FE /* SearchAction.swift */ = {isa = PBXFileReference; lastKnownFileType = sourcecode.swift; path = SearchAction.swift; sourceTree = "<group>"; };
		087F3A6593D8726BD84CF1F1 /* PopupPanel.swift */ = {isa = PBXFileReference; lastKnownFileType = sourcecode.swift; path = PopupPanel.swift; sourceTree = "<group>"; };
		0F3B8C9AB19BEC2ACF890FEB /* StatusBarController.swift */ = {isa = PBXFileReference; lastKnownFileType = sourcecode.swift; path = StatusBarController.swift; sourceTree = "<group>"; };
		0F4DAB73B13C780B669746CE /* ModifierFlags.swift */ = {isa = PBXFileReference; lastKnownFileType = sourcecode.swift; path = ModifierFlags.swift; sourceTree = "<group>"; };
		10D1A3077D5453084F547E86 /* PasteAction.swift */ = {isa = PBXFileReference; lastKnownFileType = sourcecode.swift; path = PasteAction.swift; sourceTree = "<group>"; };
		14E8C5B2AC7501048B10F0D1 /* Action.swift */ = {isa = PBXFileReference; lastKnownFileType = sourcecode.swift; path = Action.swift; sourceTree = "<group>"; };
		17E803385A2D8E9D1D257F00 /* Constants.swift */ = {isa = PBXFileReference; lastKnownFileType = sourcecode.swift; path = Constants.swift; sourceTree = "<group>"; };
		1AF0F3CA2EF364269DB523FD /* ActionRegistry.swift */ = {isa = PBXFileReference; lastKnownFileType = sourcecode.swift; path = ActionRegistry.swift; sourceTree = "<group>"; };
		1B1ED5E66BD010DECBA31B69 /* MacTextRetriever.swift */ = {isa = PBXFileReference; lastKnownFileType = sourcecode.swift; path = MacTextRetriever.swift; sourceTree = "<group>"; };
		1D9F5AA6B27AB8286C3FEEEE /* CopyAction.swift */ = {isa = PBXFileReference; lastKnownFileType = sourcecode.swift; path = CopyAction.swift; sourceTree = "<group>"; };
		1E86D685379782075566534F /* ActionRegistryTests.swift */ = {isa = PBXFileReference; lastKnownFileType = sourcecode.swift; path = ActionRegistryTests.swift; sourceTree = "<group>"; };
		287DF09DC26BE3ACE16F3B53 /* AppDelegate.swift */ = {isa = PBXFileReference; lastKnownFileType = sourcecode.swift; path = AppDelegate.swift; sourceTree = "<group>"; };
		2F9C20B7C7D633121BA39CDA /* ScriptAction.swift */ = {isa = PBXFileReference; lastKnownFileType = sourcecode.swift; path = ScriptAction.swift; sourceTree = "<group>"; };
		336067B05C52B87CD8C9DA9F /* ExtensionManager.swift */ = {isa = PBXFileReference; lastKnownFileType = sourcecode.swift; path = ExtensionManager.swift; sourceTree = "<group>"; };
		38D9A91D8E78B77B35D10754 /* Core.framework */ = {isa = PBXFileReference; explicitFileType = wrapper.framework; includeInIndex = 0; path = Core.framework; sourceTree = BUILT_PRODUCTS_DIR; };
		49648502F040834635BBD8ED /* TextRetrieverTests.swift */ = {isa = PBXFileReference; lastKnownFileType = sourcecode.swift; path = TextRetrieverTests.swift; sourceTree = "<group>"; };
		4C75D3BF228023DEA93C5D3D /* Core.swift */ = {isa = PBXFileReference; lastKnownFileType = sourcecode.swift; path = Core.swift; sourceTree = "<group>"; };
		556EAA8E99BA35061EE49D9F /* AppIdentifying.swift */ = {isa = PBXFileReference; lastKnownFileType = sourcecode.swift; path = AppIdentifying.swift; sourceTree = "<group>"; };
		5BFF66BC8C0CB6DBE2EEC671 /* PopupPositionerTests.swift */ = {isa = PBXFileReference; lastKnownFileType = sourcecode.swift; path = PopupPositionerTests.swift; sourceTree = "<group>"; };
		6129D3E6F351430FA57265B6 /* MacSelectionMonitor.swift */ = {isa = PBXFileReference; lastKnownFileType = sourcecode.swift; path = MacSelectionMonitor.swift; sourceTree = "<group>"; };
		738CD300B1AEB0E382F8435B /* ServicesAction.swift */ = {isa = PBXFileReference; lastKnownFileType = sourcecode.swift; path = ServicesAction.swift; sourceTree = "<group>"; };
		750ADA88A976EEF10B2481E2 /* AppFilter.swift */ = {isa = PBXFileReference; lastKnownFileType = sourcecode.swift; path = AppFilter.swift; sourceTree = "<group>"; };
		871B6048B7968E61FCB53537 /* OpenClipApp.swift */ = {isa = PBXFileReference; lastKnownFileType = sourcecode.swift; path = OpenClipApp.swift; sourceTree = "<group>"; };
		8F741E6F7B6D8F5B61A13F0F /* SelectionContext.swift */ = {isa = PBXFileReference; lastKnownFileType = sourcecode.swift; path = SelectionContext.swift; sourceTree = "<group>"; };
		9278C0E7FC7AE0207D019D4C /* CutAction.swift */ = {isa = PBXFileReference; lastKnownFileType = sourcecode.swift; path = CutAction.swift; sourceTree = "<group>"; };
		940F1D0FB3BA50C10CCEBCDF /* ActionContext.swift */ = {isa = PBXFileReference; lastKnownFileType = sourcecode.swift; path = ActionContext.swift; sourceTree = "<group>"; };
		A4569F410A617490B0538051 /* TextRetrieving.swift */ = {isa = PBXFileReference; lastKnownFileType = sourcecode.swift; path = TextRetrieving.swift; sourceTree = "<group>"; };
		A4F2434073F85AB2FC61E746 /* BuiltinActionsTests.swift */ = {isa = PBXFileReference; lastKnownFileType = sourcecode.swift; path = BuiltinActionsTests.swift; sourceTree = "<group>"; };
		AF5D851B09CA25A4A497F0C7 /* AppFilterTests.swift */ = {isa = PBXFileReference; lastKnownFileType = sourcecode.swift; path = AppFilterTests.swift; sourceTree = "<group>"; };
		B8D913A22565F43A04740AEB /* PopupPositioner.swift */ = {isa = PBXFileReference; lastKnownFileType = sourcecode.swift; path = PopupPositioner.swift; sourceTree = "<group>"; };
		BB70FC227E05CD8269458C89 /* PopupWindowController.swift */ = {isa = PBXFileReference; lastKnownFileType = sourcecode.swift; path = PopupWindowController.swift; sourceTree = "<group>"; };
		BCD2E8E311CD870FA0E955A9 /* AppIdentifying+NSRunningApplication.swift */ = {isa = PBXFileReference; lastKnownFileType = sourcecode.swift; path = "AppIdentifying+NSRunningApplication.swift"; sourceTree = "<group>"; };
		C5D1E29A447351B335A4C2A4 /* OpenURLAction.swift */ = {isa = PBXFileReference; lastKnownFileType = sourcecode.swift; path = OpenURLAction.swift; sourceTree = "<group>"; };
		D33B3004A90DD3BE1E64DD30 /* ExtensionManagerTests.swift */ = {isa = PBXFileReference; lastKnownFileType = sourcecode.swift; path = ExtensionManagerTests.swift; sourceTree = "<group>"; };
		DECAB4B5213F632283318CD6 /* SelectionMonitoring.swift */ = {isa = PBXFileReference; lastKnownFileType = sourcecode.swift; path = SelectionMonitoring.swift; sourceTree = "<group>"; };
		E54AEEA54ADE3106E777F448 /* ActionResult.swift */ = {isa = PBXFileReference; lastKnownFileType = sourcecode.swift; path = ActionResult.swift; sourceTree = "<group>"; };
		E97352E36DEEAE5F6A6AE6F5 /* OpenClip.app */ = {isa = PBXFileReference; explicitFileType = wrapper.application; includeInIndex = 0; path = OpenClip.app; sourceTree = BUILT_PRODUCTS_DIR; };
		EFA90E8C3C3CA2051D777A8E /* ScriptActionTests.swift */ = {isa = PBXFileReference; lastKnownFileType = sourcecode.swift; path = ScriptActionTests.swift; sourceTree = "<group>"; };
		F42C959E23FBB018FD815BBD /* PopupView.swift */ = {isa = PBXFileReference; lastKnownFileType = sourcecode.swift; path = PopupView.swift; sourceTree = "<group>"; };
/* End PBXFileReference section */

/* Begin PBXFrameworksBuildPhase section */
		4DA7DB766816B2210FE30651 /* Frameworks */ = {
			isa = PBXFrameworksBuildPhase;
			buildActionMask = 2147483647;
			files = (
				1A92B6897F7D9221305370A4 /* Core.framework in Frameworks */,
				C54EA6972708DC6B6083AF66 /* KeyboardShortcuts in Frameworks */,
				525E21DA64B3EB439A493E1C /* Defaults in Frameworks */,
				2D5A6C0BC066105BCD180A11 /* Sparkle in Frameworks */,
			);
			runOnlyForDeploymentPostprocessing = 0;
		};
/* End PBXFrameworksBuildPhase section */

/* Begin PBXGroup section */
		203ACF6C403D1ECF4A1F2F8D /* UI */ = {
			isa = PBXGroup;
			children = (
				39D73E7BD52BCD72219A6F81 /* Popup */,
			);
			path = UI;
			sourceTree = "<group>";
		};
		307D28809D1A3464A7225CFC /* Platform */ = {
			isa = PBXGroup;
			children = (
				BCD2E8E311CD870FA0E955A9 /* AppIdentifying+NSRunningApplication.swift */,
				6129D3E6F351430FA57265B6 /* MacSelectionMonitor.swift */,
				1B1ED5E66BD010DECBA31B69 /* MacTextRetriever.swift */,
				78620BB3753CCE3EB7427378 /* BuiltinActions */,
			);
			path = Platform;
			sourceTree = "<group>";
		};
		39D73E7BD52BCD72219A6F81 /* Popup */ = {
			isa = PBXGroup;
			children = (
				087F3A6593D8726BD84CF1F1 /* PopupPanel.swift */,
				B8D913A22565F43A04740AEB /* PopupPositioner.swift */,
				F42C959E23FBB018FD815BBD /* PopupView.swift */,
				BB70FC227E05CD8269458C89 /* PopupWindowController.swift */,
			);
			path = Popup;
			sourceTree = "<group>";
		};
		3BFB332B47278C5BC2AE4229 /* OpenClip */ = {
			isa = PBXGroup;
			children = (
				287DF09DC26BE3ACE16F3B53 /* AppDelegate.swift */,
				871B6048B7968E61FCB53537 /* OpenClipApp.swift */,
				0F3B8C9AB19BEC2ACF890FEB /* StatusBarController.swift */,
				307D28809D1A3464A7225CFC /* Platform */,
				203ACF6C403D1ECF4A1F2F8D /* UI */,
			);
			name = OpenClip;
			path = Sources/OpenClip;
			sourceTree = "<group>";
		};
		51397ADF2BDA0A76AFEBE25C /* Extensions */ = {
			isa = PBXGroup;
			children = (
				336067B05C52B87CD8C9DA9F /* ExtensionManager.swift */,
				2F9C20B7C7D633121BA39CDA /* ScriptAction.swift */,
			);
			path = Extensions;
			sourceTree = "<group>";
		};
		64C014FFC1613806D987229B = {
			isa = PBXGroup;
			children = (
				D1C60AD211354ED2FF2C562D /* Core */,
				3BFB332B47278C5BC2AE4229 /* OpenClip */,
				E5550E18E26D2F31A7B43491 /* OpenClipTests */,
				C7914DC6A469A7C9C9E3D4F9 /* Products */,
			);
			sourceTree = "<group>";
		};
		78620BB3753CCE3EB7427378 /* BuiltinActions */ = {
			isa = PBXGroup;
			children = (
				1D9F5AA6B27AB8286C3FEEEE /* CopyAction.swift */,
				9278C0E7FC7AE0207D019D4C /* CutAction.swift */,
				C5D1E29A447351B335A4C2A4 /* OpenURLAction.swift */,
				10D1A3077D5453084F547E86 /* PasteAction.swift */,
				0801E011A5F52152A860E9FE /* SearchAction.swift */,
				738CD300B1AEB0E382F8435B /* ServicesAction.swift */,
			);
			path = BuiltinActions;
			sourceTree = "<group>";
		};
		91547193622C497B4B20B435 /* Actions */ = {
			isa = PBXGroup;
			children = (
				14E8C5B2AC7501048B10F0D1 /* Action.swift */,
				940F1D0FB3BA50C10CCEBCDF /* ActionContext.swift */,
				1AF0F3CA2EF364269DB523FD /* ActionRegistry.swift */,
				E54AEEA54ADE3106E777F448 /* ActionResult.swift */,
				0F4DAB73B13C780B669746CE /* ModifierFlags.swift */,
			);
			path = Actions;
			sourceTree = "<group>";
		};
		C7914DC6A469A7C9C9E3D4F9 /* Products */ = {
			isa = PBXGroup;
			children = (
				38D9A91D8E78B77B35D10754 /* Core.framework */,
				E97352E36DEEAE5F6A6AE6F5 /* OpenClip.app */,
				0320149D41E8A7C2D2A9DED8 /* OpenClipTests.xctest */,
			);
			name = Products;
			sourceTree = "<group>";
		};
		D1C60AD211354ED2FF2C562D /* Core */ = {
			isa = PBXGroup;
			children = (
				4C75D3BF228023DEA93C5D3D /* Core.swift */,
				91547193622C497B4B20B435 /* Actions */,
				51397ADF2BDA0A76AFEBE25C /* Extensions */,
				E06D4C5394CBB861B32012B1 /* Selection */,
			);
			name = Core;
			path = Sources/Core;
			sourceTree = "<group>";
		};
		E06D4C5394CBB861B32012B1 /* Selection */ = {
			isa = PBXGroup;
			children = (
				750ADA88A976EEF10B2481E2 /* AppFilter.swift */,
				556EAA8E99BA35061EE49D9F /* AppIdentifying.swift */,
				17E803385A2D8E9D1D257F00 /* Constants.swift */,
				8F741E6F7B6D8F5B61A13F0F /* SelectionContext.swift */,
				DECAB4B5213F632283318CD6 /* SelectionMonitoring.swift */,
				A4569F410A617490B0538051 /* TextRetrieving.swift */,
			);
			path = Selection;
			sourceTree = "<group>";
		};
		E5550E18E26D2F31A7B43491 /* OpenClipTests */ = {
			isa = PBXGroup;
			children = (
				1E86D685379782075566534F /* ActionRegistryTests.swift */,
				AF5D851B09CA25A4A497F0C7 /* AppFilterTests.swift */,
				A4F2434073F85AB2FC61E746 /* BuiltinActionsTests.swift */,
				D33B3004A90DD3BE1E64DD30 /* ExtensionManagerTests.swift */,
				5BFF66BC8C0CB6DBE2EEC671 /* PopupPositionerTests.swift */,
				EFA90E8C3C3CA2051D777A8E /* ScriptActionTests.swift */,
				49648502F040834635BBD8ED /* TextRetrieverTests.swift */,
			);
			name = OpenClipTests;
			path = Tests/OpenClipTests;
			sourceTree = "<group>";
		};
/* End PBXGroup section */

/* Begin PBXNativeTarget section */
		24C19FDB2283D131CACAAF4E /* OpenClipTests */ = {
			isa = PBXNativeTarget;
			buildConfigurationList = E46C891EC045DB79E7ED8C7E /* Build configuration list for PBXNativeTarget "OpenClipTests" */;
			buildPhases = (
				37525424A1E25E4AB33596AA /* Sources */,
			);
			buildRules = (
			);
			dependencies = (
				6F3051FC6629598FE9BD277A /* PBXTargetDependency */,
			);
			name = OpenClipTests;
			packageProductDependencies = (
			);
			productName = OpenClipTests;
			productReference = 0320149D41E8A7C2D2A9DED8 /* OpenClipTests.xctest */;
			productType = "com.apple.product-type.bundle.unit-test";
		};
		84F393CB9794CD10A5608637 /* Core */ = {
			isa = PBXNativeTarget;
			buildConfigurationList = EFF49EF063732A5444612E9D /* Build configuration list for PBXNativeTarget "Core" */;
			buildPhases = (
				69577EA3C80D821A82B2B7C0 /* Sources */,
			);
			buildRules = (
			);
			dependencies = (
			);
			name = Core;
			packageProductDependencies = (
			);
			productName = Core;
			productReference = 38D9A91D8E78B77B35D10754 /* Core.framework */;
			productType = "com.apple.product-type.framework";
		};
		C4AE70D9CEE6CD32E06BBA3A /* OpenClip */ = {
			isa = PBXNativeTarget;
			buildConfigurationList = 02F237E43CE556851B1DE43E /* Build configuration list for PBXNativeTarget "OpenClip" */;
			buildPhases = (
				9941A8E31CF44B8A418D1DBD /* Sources */,
				4DA7DB766816B2210FE30651 /* Frameworks */,
				359D47B74C2AD1B3614C8A4A /* Embed Frameworks */,
			);
			buildRules = (
			);
			dependencies = (
				0B24A7D2690EC78AFA4E746B /* PBXTargetDependency */,
			);
			name = OpenClip;
			packageProductDependencies = (
				69201994E9CE6C7F2CDED2F0 /* KeyboardShortcuts */,
				03869142675321ABACC573BA /* Defaults */,
				5424DA244495CA3CE48F83B1 /* Sparkle */,
			);
			productName = OpenClip;
			productReference = E97352E36DEEAE5F6A6AE6F5 /* OpenClip.app */;
			productType = "com.apple.product-type.application";
		};
/* End PBXNativeTarget section */

/* Begin PBXProject section */
		A9F1087A35C227BA15E169FF /* Project object */ = {
			isa = PBXProject;
			attributes = {
				BuildIndependentTargetsInParallel = YES;
				LastUpgradeCheck = 1430;
				TargetAttributes = {
					C4AE70D9CEE6CD32E06BBA3A = {
						DevelopmentTeam = "";
						ProvisioningStyle = Automatic;
					};
				};
			};
			buildConfigurationList = A530B63D70769051A1D7DC87 /* Build configuration list for PBXProject "OpenClip" */;
			developmentRegion = en;
			hasScannedForEncodings = 0;
			knownRegions = (
				Base,
				en,
			);
			mainGroup = 64C014FFC1613806D987229B;
			minimizedProjectReferenceProxies = 1;
			packageReferences = (
				0B7156BB62A8A0C5F1CF3C71 /* XCRemoteSwiftPackageReference "Defaults" */,
				08D4D3F56FD0A85127E5EBAF /* XCRemoteSwiftPackageReference "KeyboardShortcuts" */,
				2F5F308890722E78493B7EEE /* XCRemoteSwiftPackageReference "Sparkle" */,
			);
			preferredProjectObjectVersion = 77;
			productRefGroup = C7914DC6A469A7C9C9E3D4F9 /* Products */;
			projectDirPath = "";
			projectRoot = "";
			targets = (
				84F393CB9794CD10A5608637 /* Core */,
				C4AE70D9CEE6CD32E06BBA3A /* OpenClip */,
				24C19FDB2283D131CACAAF4E /* OpenClipTests */,
			);
		};
/* End PBXProject section */

/* Begin PBXSourcesBuildPhase section */
		37525424A1E25E4AB33596AA /* Sources */ = {
			isa = PBXSourcesBuildPhase;
			buildActionMask = 2147483647;
			files = (
				0532F7FF8BA7A439A30D8EA9 /* ActionRegistryTests.swift in Sources */,
				94F6165DD10ED76B25170C1C /* AppFilterTests.swift in Sources */,
				C85F042BF73B07FCBDEC234A /* BuiltinActionsTests.swift in Sources */,
				B4F498590B58B62BA693B72C /* ExtensionManagerTests.swift in Sources */,
				1DAA6E1F5849B540F57EDF56 /* PopupPositionerTests.swift in Sources */,
				4737578EA3290C078B92A318 /* ScriptActionTests.swift in Sources */,
				9495A826AD2E0BB4ED448280 /* TextRetrieverTests.swift in Sources */,
			);
			runOnlyForDeploymentPostprocessing = 0;
		};
		69577EA3C80D821A82B2B7C0 /* Sources */ = {
			isa = PBXSourcesBuildPhase;
			buildActionMask = 2147483647;
			files = (
				89ABDC81AD62266F49E096C4 /* Action.swift in Sources */,
				78C232BA793CCE5C409BA389 /* ActionContext.swift in Sources */,
				1CDF0D30E4B08B90733C53D8 /* ActionRegistry.swift in Sources */,
				AEB67702CE089BAFFFB8DCB7 /* ActionResult.swift in Sources */,
				E27BC38183CE54F6073EC02F /* AppFilter.swift in Sources */,
				8DFC838BDE16FA27F0C19FBB /* AppIdentifying.swift in Sources */,
				AA4C8F95DCFD439591C9FA05 /* Constants.swift in Sources */,
				5DA0AEF4E0DB181460C32C7E /* Core.swift in Sources */,
				6BDAAEBA357BE286266250A6 /* ExtensionManager.swift in Sources */,
				DEEE0BCFD9DB9C3754D01774 /* ModifierFlags.swift in Sources */,
				386E98180E02243B9DE6B5CA /* ScriptAction.swift in Sources */,
				EBE9FB46AD56F10020544D24 /* SelectionContext.swift in Sources */,
				C02DCB05C24F9A9EFA004B12 /* SelectionMonitoring.swift in Sources */,
				76E559C066D1B00D899DB613 /* TextRetrieving.swift in Sources */,
			);
			runOnlyForDeploymentPostprocessing = 0;
		};
		9941A8E31CF44B8A418D1DBD /* Sources */ = {
			isa = PBXSourcesBuildPhase;
			buildActionMask = 2147483647;
			files = (
				84EF2405B8FF3B97D76C6F43 /* AppDelegate.swift in Sources */,
				0AC19FB1B891B14A5D9D2ABD /* AppIdentifying+NSRunningApplication.swift in Sources */,
				AEED9FFA7F37289E7370BAE2 /* CopyAction.swift in Sources */,
				14E505797521DAC3BA557D4F /* CutAction.swift in Sources */,
				09A58930CFE1B6C771AAF8D4 /* MacSelectionMonitor.swift in Sources */,
				84A19D69965D8FE1825442E5 /* MacTextRetriever.swift in Sources */,
				E08C252C9ADA79A930825C1E /* OpenClipApp.swift in Sources */,
				E349DDD966C6A17A8B49DAAA /* OpenURLAction.swift in Sources */,
				43881285B124F36378C59E74 /* PasteAction.swift in Sources */,
				3632D42098C565F062A379E2 /* PopupPanel.swift in Sources */,
				850F4271977FEE58D8FA55ED /* PopupPositioner.swift in Sources */,
				0ABD4746A74B3657C3550DCE /* PopupView.swift in Sources */,
				7E44D09AC94810898D6E5D1D /* PopupWindowController.swift in Sources */,
				EE15C0E489F615AFDD1CEC8C /* SearchAction.swift in Sources */,
				8A479517E13803DE07593C74 /* ServicesAction.swift in Sources */,
				4C5773E0C53E2A28F2664CD5 /* StatusBarController.swift in Sources */,
			);
			runOnlyForDeploymentPostprocessing = 0;
		};
/* End PBXSourcesBuildPhase section */

/* Begin PBXTargetDependency section */
		0B24A7D2690EC78AFA4E746B /* PBXTargetDependency */ = {
			isa = PBXTargetDependency;
			target = 84F393CB9794CD10A5608637 /* Core */;
			targetProxy = 30CF9143C3AF6CFF58E3B509 /* PBXContainerItemProxy */;
		};
		6F3051FC6629598FE9BD277A /* PBXTargetDependency */ = {
			isa = PBXTargetDependency;
			target = C4AE70D9CEE6CD32E06BBA3A /* OpenClip */;
			targetProxy = 08799C0A2A45C6AE34AD5936 /* PBXContainerItemProxy */;
		};
/* End PBXTargetDependency section */

/* Begin XCBuildConfiguration section */
		1EDC80E031F2407FC7DB058B /* Release */ = {
			isa = XCBuildConfiguration;
			buildSettings = {
				CODE_SIGN_IDENTITY = "";
				COMBINE_HIDPI_IMAGES = YES;
				CURRENT_PROJECT_VERSION = 1;
				DEFINES_MODULE = YES;
				DYLIB_COMPATIBILITY_VERSION = 1;
				DYLIB_CURRENT_VERSION = 1;
				DYLIB_INSTALL_NAME_BASE = "@rpath";
				GENERATE_INFOPLIST_FILE = YES;
				INSTALL_PATH = "$(LOCAL_LIBRARY_DIR)/Frameworks";
				LD_RUNPATH_SEARCH_PATHS = (
					"$(inherited)",
					"@executable_path/../Frameworks",
				);
				MACOSX_DEPLOYMENT_TARGET = 14.0;
				PRODUCT_BUNDLE_IDENTIFIER = com.openclip.Core;
				SDKROOT = macosx;
				SKIP_INSTALL = YES;
				SWIFT_STRICT_CONCURRENCY = complete;
				SWIFT_VERSION = 6.0;
				VERSIONING_SYSTEM = "apple-generic";
			};
			name = Release;
		};
		2D059041E32371419F8D8228 /* Debug */ = {
			isa = XCBuildConfiguration;
			buildSettings = {
				ASSETCATALOG_COMPILER_APPICON_NAME = AppIcon;
				CODE_SIGN_IDENTITY = "-";
				CODE_SIGN_STYLE = Automatic;
				COMBINE_HIDPI_IMAGES = YES;
				DEVELOPMENT_TEAM = "";
				ENABLE_HARDENED_RUNTIME = YES;
				GENERATE_INFOPLIST_FILE = YES;
				LD_RUNPATH_SEARCH_PATHS = (
					"$(inherited)",
					"@executable_path/../Frameworks",
				);
				LSUIElement = YES;
				MACOSX_DEPLOYMENT_TARGET = 14.0;
				PRODUCT_BUNDLE_IDENTIFIER = com.openclip.OpenClip;
				SDKROOT = macosx;
				SWIFT_STRICT_CONCURRENCY = complete;
				SWIFT_VERSION = 6.0;
			};
			name = Debug;
		};
		4A80B607972D0EB1F2633333 /* Release */ = {
			isa = XCBuildConfiguration;
			buildSettings = {
				ASSETCATALOG_COMPILER_APPICON_NAME = AppIcon;
				CODE_SIGN_IDENTITY = "-";
				CODE_SIGN_STYLE = Automatic;
				COMBINE_HIDPI_IMAGES = YES;
				DEVELOPMENT_TEAM = "";
				ENABLE_HARDENED_RUNTIME = YES;
				GENERATE_INFOPLIST_FILE = YES;
				LD_RUNPATH_SEARCH_PATHS = (
					"$(inherited)",
					"@executable_path/../Frameworks",
				);
				LSUIElement = YES;
				MACOSX_DEPLOYMENT_TARGET = 14.0;
				PRODUCT_BUNDLE_IDENTIFIER = com.openclip.OpenClip;
				SDKROOT = macosx;
				SWIFT_STRICT_CONCURRENCY = complete;
				SWIFT_VERSION = 6.0;
			};
			name = Release;
		};
		535ADF5904D887C7331C222E /* Debug */ = {
			isa = XCBuildConfiguration;
			buildSettings = {
				CODE_SIGN_IDENTITY = "";
				COMBINE_HIDPI_IMAGES = YES;
				CURRENT_PROJECT_VERSION = 1;
				DEFINES_MODULE = YES;
				DYLIB_COMPATIBILITY_VERSION = 1;
				DYLIB_CURRENT_VERSION = 1;
				DYLIB_INSTALL_NAME_BASE = "@rpath";
				GENERATE_INFOPLIST_FILE = YES;
				INSTALL_PATH = "$(LOCAL_LIBRARY_DIR)/Frameworks";
				LD_RUNPATH_SEARCH_PATHS = (
					"$(inherited)",
					"@executable_path/../Frameworks",
				);
				MACOSX_DEPLOYMENT_TARGET = 14.0;
				PRODUCT_BUNDLE_IDENTIFIER = com.openclip.Core;
				SDKROOT = macosx;
				SKIP_INSTALL = YES;
				SWIFT_STRICT_CONCURRENCY = complete;
				SWIFT_VERSION = 6.0;
				VERSIONING_SYSTEM = "apple-generic";
			};
			name = Debug;
		};
		86D9D75FE01E0AE4933C8C2E /* Release */ = {
			isa = XCBuildConfiguration;
			buildSettings = {
				ALWAYS_SEARCH_USER_PATHS = NO;
				CLANG_ANALYZER_NONNULL = YES;
				CLANG_ANALYZER_NUMBER_OBJECT_CONVERSION = YES_AGGRESSIVE;
				CLANG_CXX_LANGUAGE_STANDARD = "gnu++14";
				CLANG_CXX_LIBRARY = "libc++";
				CLANG_ENABLE_MODULES = YES;
				CLANG_ENABLE_OBJC_ARC = YES;
				CLANG_ENABLE_OBJC_WEAK = YES;
				CLANG_WARN_BLOCK_CAPTURE_AUTORELEASING = YES;
				CLANG_WARN_BOOL_CONVERSION = YES;
				CLANG_WARN_COMMA = YES;
				CLANG_WARN_CONSTANT_CONVERSION = YES;
				CLANG_WARN_DEPRECATED_OBJC_IMPLEMENTATIONS = YES;
				CLANG_WARN_DIRECT_OBJC_ISA_USAGE = YES_ERROR;
				CLANG_WARN_DOCUMENTATION_COMMENTS = YES;
				CLANG_WARN_EMPTY_BODY = YES;
				CLANG_WARN_ENUM_CONVERSION = YES;
				CLANG_WARN_INFINITE_RECURSION = YES;
				CLANG_WARN_INT_CONVERSION = YES;
				CLANG_WARN_NON_LITERAL_NULL_CONVERSION = YES;
				CLANG_WARN_OBJC_IMPLICIT_RETAIN_SELF = YES;
				CLANG_WARN_OBJC_LITERAL_CONVERSION = YES;
				CLANG_WARN_OBJC_ROOT_CLASS = YES_ERROR;
				CLANG_WARN_QUOTED_INCLUDE_IN_FRAMEWORK_HEADER = YES;
				CLANG_WARN_RANGE_LOOP_ANALYSIS = YES;
				CLANG_WARN_STRICT_PROTOTYPES = YES;
				CLANG_WARN_SUSPICIOUS_MOVE = YES;
				CLANG_WARN_UNGUARDED_AVAILABILITY = YES_AGGRESSIVE;
				CLANG_WARN_UNREACHABLE_CODE = YES;
				CLANG_WARN__DUPLICATE_METHOD_MATCH = YES;
				COPY_PHASE_STRIP = NO;
				DEBUG_INFORMATION_FORMAT = "dwarf-with-dsym";
				ENABLE_NS_ASSERTIONS = NO;
				ENABLE_STRICT_OBJC_MSGSEND = YES;
				GCC_C_LANGUAGE_STANDARD = gnu11;
				GCC_NO_COMMON_BLOCKS = YES;
				GCC_WARN_64_TO_32_BIT_CONVERSION = YES;
				GCC_WARN_ABOUT_RETURN_TYPE = YES_ERROR;
				GCC_WARN_UNDECLARED_SELECTOR = YES;
				GCC_WARN_UNINITIALIZED_AUTOS = YES_AGGRESSIVE;
				GCC_WARN_UNUSED_FUNCTION = YES;
				GCC_WARN_UNUSED_VARIABLE = YES;
				MTL_ENABLE_DEBUG_INFO = NO;
				MTL_FAST_MATH = YES;
				PRODUCT_NAME = "$(TARGET_NAME)";
				SDKROOT = macosx;
				SWIFT_COMPILATION_MODE = wholemodule;
				SWIFT_OPTIMIZATION_LEVEL = "-O";
				SWIFT_VERSION = 5.0;
			};
			name = Release;
		};
		9FB84E2E9F1FD7237FE9BA98 /* Debug */ = {
			isa = XCBuildConfiguration;
			buildSettings = {
				ALWAYS_SEARCH_USER_PATHS = NO;
				CLANG_ANALYZER_NONNULL = YES;
				CLANG_ANALYZER_NUMBER_OBJECT_CONVERSION = YES_AGGRESSIVE;
				CLANG_CXX_LANGUAGE_STANDARD = "gnu++14";
				CLANG_CXX_LIBRARY = "libc++";
				CLANG_ENABLE_MODULES = YES;
				CLANG_ENABLE_OBJC_ARC = YES;
				CLANG_ENABLE_OBJC_WEAK = YES;
				CLANG_WARN_BLOCK_CAPTURE_AUTORELEASING = YES;
				CLANG_WARN_BOOL_CONVERSION = YES;
				CLANG_WARN_COMMA = YES;
				CLANG_WARN_CONSTANT_CONVERSION = YES;
				CLANG_WARN_DEPRECATED_OBJC_IMPLEMENTATIONS = YES;
				CLANG_WARN_DIRECT_OBJC_ISA_USAGE = YES_ERROR;
				CLANG_WARN_DOCUMENTATION_COMMENTS = YES;
				CLANG_WARN_EMPTY_BODY = YES;
				CLANG_WARN_ENUM_CONVERSION = YES;
				CLANG_WARN_INFINITE_RECURSION = YES;
				CLANG_WARN_INT_CONVERSION = YES;
				CLANG_WARN_NON_LITERAL_NULL_CONVERSION = YES;
				CLANG_WARN_OBJC_IMPLICIT_RETAIN_SELF = YES;
				CLANG_WARN_OBJC_LITERAL_CONVERSION = YES;
				CLANG_WARN_OBJC_ROOT_CLASS = YES_ERROR;
				CLANG_WARN_QUOTED_INCLUDE_IN_FRAMEWORK_HEADER = YES;
				CLANG_WARN_RANGE_LOOP_ANALYSIS = YES;
				CLANG_WARN_STRICT_PROTOTYPES = YES;
				CLANG_WARN_SUSPICIOUS_MOVE = YES;
				CLANG_WARN_UNGUARDED_AVAILABILITY = YES_AGGRESSIVE;
				CLANG_WARN_UNREACHABLE_CODE = YES;
				CLANG_WARN__DUPLICATE_METHOD_MATCH = YES;
				COPY_PHASE_STRIP = NO;
				DEBUG_INFORMATION_FORMAT = dwarf;
				ENABLE_STRICT_OBJC_MSGSEND = YES;
				ENABLE_TESTABILITY = YES;
				GCC_C_LANGUAGE_STANDARD = gnu11;
				GCC_DYNAMIC_NO_PIC = NO;
				GCC_NO_COMMON_BLOCKS = YES;
				GCC_OPTIMIZATION_LEVEL = 0;
				GCC_PREPROCESSOR_DEFINITIONS = (
					"$(inherited)",
					"DEBUG=1",
				);
				GCC_WARN_64_TO_32_BIT_CONVERSION = YES;
				GCC_WARN_ABOUT_RETURN_TYPE = YES_ERROR;
				GCC_WARN_UNDECLARED_SELECTOR = YES;
				GCC_WARN_UNINITIALIZED_AUTOS = YES_AGGRESSIVE;
				GCC_WARN_UNUSED_FUNCTION = YES;
				GCC_WARN_UNUSED_VARIABLE = YES;
				MTL_ENABLE_DEBUG_INFO = INCLUDE_SOURCE;
				MTL_FAST_MATH = YES;
				ONLY_ACTIVE_ARCH = YES;
				PRODUCT_NAME = "$(TARGET_NAME)";
				SDKROOT = macosx;
				SWIFT_ACTIVE_COMPILATION_CONDITIONS = DEBUG;
				SWIFT_OPTIMIZATION_LEVEL = "-Onone";
				SWIFT_VERSION = 5.0;
			};
			name = Debug;
		};
		B55255D54005654C35D598F9 /* Release */ = {
			isa = XCBuildConfiguration;
			buildSettings = {
				BUNDLE_LOADER = "$(TEST_HOST)";
				COMBINE_HIDPI_IMAGES = YES;
				GENERATE_INFOPLIST_FILE = YES;
				LD_RUNPATH_SEARCH_PATHS = (
					"$(inherited)",
					"@executable_path/../Frameworks",
					"@loader_path/../Frameworks",
				);
				MACOSX_DEPLOYMENT_TARGET = 14.0;
				PRODUCT_BUNDLE_IDENTIFIER = com.openclip.OpenClipTests;
				SDKROOT = macosx;
				SWIFT_STRICT_CONCURRENCY = complete;
				SWIFT_VERSION = 6.0;
				TEST_HOST = "$(BUILT_PRODUCTS_DIR)/OpenClip.app/Contents/MacOS/OpenClip";
			};
			name = Release;
		};
		EE4AA1B7D31F397E1E7B32E4 /* Debug */ = {
			isa = XCBuildConfiguration;
			buildSettings = {
				BUNDLE_LOADER = "$(TEST_HOST)";
				COMBINE_HIDPI_IMAGES = YES;
				GENERATE_INFOPLIST_FILE = YES;
				LD_RUNPATH_SEARCH_PATHS = (
					"$(inherited)",
					"@executable_path/../Frameworks",
					"@loader_path/../Frameworks",
				);
				MACOSX_DEPLOYMENT_TARGET = 14.0;
				PRODUCT_BUNDLE_IDENTIFIER = com.openclip.OpenClipTests;
				SDKROOT = macosx;
				SWIFT_STRICT_CONCURRENCY = complete;
				SWIFT_VERSION = 6.0;
				TEST_HOST = "$(BUILT_PRODUCTS_DIR)/OpenClip.app/Contents/MacOS/OpenClip";
			};
			name = Debug;
		};
/* End XCBuildConfiguration section */

/* Begin XCConfigurationList section */
		02F237E43CE556851B1DE43E /* Build configuration list for PBXNativeTarget "OpenClip" */ = {
			isa = XCConfigurationList;
			buildConfigurations = (
				2D059041E32371419F8D8228 /* Debug */,
				4A80B607972D0EB1F2633333 /* Release */,
			);
			defaultConfigurationIsVisible = 0;
			defaultConfigurationName = Debug;
		};
		A530B63D70769051A1D7DC87 /* Build configuration list for PBXProject "OpenClip" */ = {
			isa = XCConfigurationList;
			buildConfigurations = (
				9FB84E2E9F1FD7237FE9BA98 /* Debug */,
				86D9D75FE01E0AE4933C8C2E /* Release */,
			);
			defaultConfigurationIsVisible = 0;
			defaultConfigurationName = Debug;
		};
		E46C891EC045DB79E7ED8C7E /* Build configuration list for PBXNativeTarget "OpenClipTests" */ = {
			isa = XCConfigurationList;
			buildConfigurations = (
				EE4AA1B7D31F397E1E7B32E4 /* Debug */,
				B55255D54005654C35D598F9 /* Release */,
			);
			defaultConfigurationIsVisible = 0;
			defaultConfigurationName = Debug;
		};
		EFF49EF063732A5444612E9D /* Build configuration list for PBXNativeTarget "Core" */ = {
			isa = XCConfigurationList;
			buildConfigurations = (
				535ADF5904D887C7331C222E /* Debug */,
				1EDC80E031F2407FC7DB058B /* Release */,
			);
			defaultConfigurationIsVisible = 0;
			defaultConfigurationName = Debug;
		};
/* End XCConfigurationList section */

/* Begin XCRemoteSwiftPackageReference section */
		08D4D3F56FD0A85127E5EBAF /* XCRemoteSwiftPackageReference "KeyboardShortcuts" */ = {
			isa = XCRemoteSwiftPackageReference;
			repositoryURL = "https://github.com/sindresorhus/KeyboardShortcuts";
			requirement = {
				kind = upToNextMajorVersion;
				minimumVersion = 2.0.0;
			};
		};
		0B7156BB62A8A0C5F1CF3C71 /* XCRemoteSwiftPackageReference "Defaults" */ = {
			isa = XCRemoteSwiftPackageReference;
			repositoryURL = "https://github.com/sindresorhus/Defaults";
			requirement = {
				kind = upToNextMajorVersion;
				minimumVersion = 8.0.0;
			};
		};
		2F5F308890722E78493B7EEE /* XCRemoteSwiftPackageReference "Sparkle" */ = {
			isa = XCRemoteSwiftPackageReference;
			repositoryURL = "https://github.com/sparkle-project/Sparkle";
			requirement = {
				kind = upToNextMajorVersion;
				minimumVersion = 2.0.0;
			};
		};
/* End XCRemoteSwiftPackageReference section */

/* Begin XCSwiftPackageProductDependency section */
		03869142675321ABACC573BA /* Defaults */ = {
			isa = XCSwiftPackageProductDependency;
			package = 0B7156BB62A8A0C5F1CF3C71 /* XCRemoteSwiftPackageReference "Defaults" */;
			productName = Defaults;
		};
		5424DA244495CA3CE48F83B1 /* Sparkle */ = {
			isa = XCSwiftPackageProductDependency;
			package = 2F5F308890722E78493B7EEE /* XCRemoteSwiftPackageReference "Sparkle" */;
			productName = Sparkle;
		};
		69201994E9CE6C7F2CDED2F0 /* KeyboardShortcuts */ = {
			isa = XCSwiftPackageProductDependency;
			package = 08D4D3F56FD0A85127E5EBAF /* XCRemoteSwiftPackageReference "KeyboardShortcuts" */;
			productName = KeyboardShortcuts;
		};
/* End XCSwiftPackageProductDependency section */
	};
	rootObject = A9F1087A35C227BA15E169FF /* Project object */;
}
